// !$*UTF8*$!
{
	archiveVersion = 1;
	classes = {
	};
	objectVersion = 51;
	objects = {

/* Begin PBXBuildFile section */
		139CB5B5A7B2BBDCDDF3EA53 /* Pods_MyTaxman_CustomerTests.framework in Frameworks */ = {isa = PBXBuildFile; fileRef = C7AEA97E077DD7C30DEC2B40 /* Pods_MyTaxman_CustomerTests.framework */; };
		1818C1BD24D54B28009808CE /* CancelJobsListViewController.swift in Sources */ = {isa = PBXBuildFile; fileRef = 1818C1BC24D54B28009808CE /* CancelJobsListViewController.swift */; };
		1826253024CCA41F00DF7A4B /* PageSixViewController.swift in Sources */ = {isa = PBXBuildFile; fileRef = 1826252F24CCA41F00DF7A4B /* PageSixViewController.swift */; };
		1826253224CCA82900DF7A4B /* GetPlacesViewController.swift in Sources */ = {isa = PBXBuildFile; fileRef = 1826253124CCA82900DF7A4B /* GetPlacesViewController.swift */; };
		1826253624CCBB4E00DF7A4B /* AddressTableViewCell.swift in Sources */ = {isa = PBXBuildFile; fileRef = 1826253424CCBB4E00DF7A4B /* AddressTableViewCell.swift */; };
		1826253724CCBB4E00DF7A4B /* AddressTableViewCell.xib in Resources */ = {isa = PBXBuildFile; fileRef = 1826253524CCBB4E00DF7A4B /* AddressTableViewCell.xib */; };
		1826253924CD362A00DF7A4B /* AccountServiceViewController.swift in Sources */ = {isa = PBXBuildFile; fileRef = 1826253824CD362A00DF7A4B /* AccountServiceViewController.swift */; };
		1826253B24CD414C00DF7A4B /* FinancialServiceViewController.swift in Sources */ = {isa = PBXBuildFile; fileRef = 1826253A24CD414C00DF7A4B /* FinancialServiceViewController.swift */; };
		1826253D24CD450E00DF7A4B /* SuperFundsServiceViewController.swift in Sources */ = {isa = PBXBuildFile; fileRef = 1826253C24CD450E00DF7A4B /* SuperFundsServiceViewController.swift */; };
		1826253F24CD481100DF7A4B /* AuditServiceViewController.swift in Sources */ = {isa = PBXBuildFile; fileRef = 1826253E24CD481100DF7A4B /* AuditServiceViewController.swift */; };
		1826254124CD4B0100DF7A4B /* LegalAdviceServiceViewController.swift in Sources */ = {isa = PBXBuildFile; fileRef = 1826254024CD4B0100DF7A4B /* LegalAdviceServiceViewController.swift */; };
		1826254424CDB94200DF7A4B /* JobsModel.swift in Sources */ = {isa = PBXBuildFile; fileRef = 1826254324CDB94200DF7A4B /* JobsModel.swift */; };
		1826254624CDC79000DF7A4B /* EmployeeOrContractViewController.swift in Sources */ = {isa = PBXBuildFile; fileRef = 1826254524CDC79000DF7A4B /* EmployeeOrContractViewController.swift */; };
		1826254824CDD29900DF7A4B /* LeadsViewModel.swift in Sources */ = {isa = PBXBuildFile; fileRef = 1826254724CDD29900DF7A4B /* LeadsViewModel.swift */; };
		1826254A24CDD33B00DF7A4B /* LeadApiManager.swift in Sources */ = {isa = PBXBuildFile; fileRef = 1826254924CDD33B00DF7A4B /* LeadApiManager.swift */; };
		1826254C24CDEE6F00DF7A4B /* TaxReturnViewController.swift in Sources */ = {isa = PBXBuildFile; fileRef = 1826254B24CDEE6F00DF7A4B /* TaxReturnViewController.swift */; };
		1857C75E24CF37BE00E1DDAD /* JobsListModel.swift in Sources */ = {isa = PBXBuildFile; fileRef = 1857C75D24CF37BD00E1DDAD /* JobsListModel.swift */; };
		1857C7B724D2927200E1DDAD /* JobsTableViewCell.swift in Sources */ = {isa = PBXBuildFile; fileRef = 1857C7B524D2927200E1DDAD /* JobsTableViewCell.swift */; };
		1857C7B824D2927200E1DDAD /* JobsTableViewCell.xib in Resources */ = {isa = PBXBuildFile; fileRef = 1857C7B624D2927200E1DDAD /* JobsTableViewCell.xib */; };
		187DDF0E24D68D2F00CBE610 /* VendorInfoView.xib in Resources */ = {isa = PBXBuildFile; fileRef = 187DDF0D24D68D2F00CBE610 /* VendorInfoView.xib */; };
		187DDF1024D68D4C00CBE610 /* VendorInfoView.swift in Sources */ = {isa = PBXBuildFile; fileRef = 187DDF0F24D68D4C00CBE610 /* VendorInfoView.swift */; };
		1888973D24C7281C000DFAB3 /* AppDelegate.swift in Sources */ = {isa = PBXBuildFile; fileRef = 1888973C24C7281C000DFAB3 /* AppDelegate.swift */; };
		1888973F24C7281C000DFAB3 /* SceneDelegate.swift in Sources */ = {isa = PBXBuildFile; fileRef = 1888973E24C7281C000DFAB3 /* SceneDelegate.swift */; };
		1888974624C7281F000DFAB3 /* Assets.xcassets in Resources */ = {isa = PBXBuildFile; fileRef = 1888974524C7281F000DFAB3 /* Assets.xcassets */; };
		1888974924C7281F000DFAB3 /* LaunchScreen.storyboard in Resources */ = {isa = PBXBuildFile; fileRef = 1888974724C7281F000DFAB3 /* LaunchScreen.storyboard */; };
		1888975424C72820000DFAB3 /* MyTaxman_CustomerTests.swift in Sources */ = {isa = PBXBuildFile; fileRef = 1888975324C72820000DFAB3 /* MyTaxman_CustomerTests.swift */; };
		1888975F24C72820000DFAB3 /* MyTaxman_CustomerUITests.swift in Sources */ = {isa = PBXBuildFile; fileRef = 1888975E24C72820000DFAB3 /* MyTaxman_CustomerUITests.swift */; };
		1888977624C728AD000DFAB3 /* Auth.storyboard in Resources */ = {isa = PBXBuildFile; fileRef = 1888977524C728AD000DFAB3 /* Auth.storyboard */; };
		1888977824C728C1000DFAB3 /* LoginViewController.swift in Sources */ = {isa = PBXBuildFile; fileRef = 1888977724C728C1000DFAB3 /* LoginViewController.swift */; };
		1888977C24C72919000DFAB3 /* GetStartedViewController.swift in Sources */ = {isa = PBXBuildFile; fileRef = 1888977B24C72919000DFAB3 /* GetStartedViewController.swift */; };
		1888977E24C73D6E000DFAB3 /* ForgotPasswordViewController.swift in Sources */ = {isa = PBXBuildFile; fileRef = 1888977D24C73D6E000DFAB3 /* ForgotPasswordViewController.swift */; };
		18B2E61F24C8956D002A9CCE /* Leads.storyboard in Resources */ = {isa = PBXBuildFile; fileRef = 18B2E61E24C8956D002A9CCE /* Leads.storyboard */; };
		18B2E62124C89586002A9CCE /* LeadsDashboardViewController.swift in Sources */ = {isa = PBXBuildFile; fileRef = 18B2E62024C89586002A9CCE /* LeadsDashboardViewController.swift */; };
		18B2E62324C89AA5002A9CCE /* AppStoryboards.swift in Sources */ = {isa = PBXBuildFile; fileRef = 18B2E62224C89AA5002A9CCE /* AppStoryboards.swift */; };
		18B2E62C24C89D21002A9CCE /* LeadsCollectionViewCell.swift in Sources */ = {isa = PBXBuildFile; fileRef = 18B2E62A24C89D21002A9CCE /* LeadsCollectionViewCell.swift */; };
		18B2E62D24C89D21002A9CCE /* LeadsCollectionViewCell.xib in Resources */ = {isa = PBXBuildFile; fileRef = 18B2E62B24C89D21002A9CCE /* LeadsCollectionViewCell.xib */; };
		18B2E62F24C8AB38002A9CCE /* PageOneViewController.swift in Sources */ = {isa = PBXBuildFile; fileRef = 18B2E62E24C8AB38002A9CCE /* PageOneViewController.swift */; };
		18B2E63124C8AB46002A9CCE /* PageTwoViewController.swift in Sources */ = {isa = PBXBuildFile; fileRef = 18B2E63024C8AB46002A9CCE /* PageTwoViewController.swift */; };
		18B2E63324C8AB50002A9CCE /* PageThreeViewController.swift in Sources */ = {isa = PBXBuildFile; fileRef = 18B2E63224C8AB50002A9CCE /* PageThreeViewController.swift */; };
		18B2E63524C8AB5B002A9CCE /* PageFourViewController.swift in Sources */ = {isa = PBXBuildFile; fileRef = 18B2E63424C8AB5B002A9CCE /* PageFourViewController.swift */; };
		18B2E63824C8AB71002A9CCE /* PageFiveViewController.swift in Sources */ = {isa = PBXBuildFile; fileRef = 18B2E63724C8AB71002A9CCE /* PageFiveViewController.swift */; };
		18B2E63B24C8ABD8002A9CCE /* LeadsManager.swift in Sources */ = {isa = PBXBuildFile; fileRef = 18B2E63A24C8ABD8002A9CCE /* LeadsManager.swift */; };
		18F6AA5624CA0E63005F3855 /* ContactInfoViewController.swift in Sources */ = {isa = PBXBuildFile; fileRef = 18F6AA5524CA0E63005F3855 /* ContactInfoViewController.swift */; };
		18F6AA5824CB4F62005F3855 /* Poppins-Medium.ttf in Resources */ = {isa = PBXBuildFile; fileRef = 18F6AA5724CB4F61005F3855 /* Poppins-Medium.ttf */; };
		18F6AA5D24CC06FC005F3855 /* Tabbar.storyboard in Resources */ = {isa = PBXBuildFile; fileRef = 18F6AA5C24CC06FC005F3855 /* Tabbar.storyboard */; };
		18F6AA5F24CC074B005F3855 /* Inbox.storyboard in Resources */ = {isa = PBXBuildFile; fileRef = 18F6AA5E24CC074B005F3855 /* Inbox.storyboard */; };
		18F6AA6124CC0758005F3855 /* Settings.storyboard in Resources */ = {isa = PBXBuildFile; fileRef = 18F6AA6024CC0758005F3855 /* Settings.storyboard */; };
		18F6AA6424CC0777005F3855 /* ChatListViewController.swift in Sources */ = {isa = PBXBuildFile; fileRef = 18F6AA6324CC0777005F3855 /* ChatListViewController.swift */; };
		18F6AA6724CC079B005F3855 /* SettingsViewController.swift in Sources */ = {isa = PBXBuildFile; fileRef = 18F6AA6624CC079B005F3855 /* SettingsViewController.swift */; };
		18F6AA6A24CC07C1005F3855 /* JobListViewController.swift in Sources */ = {isa = PBXBuildFile; fileRef = 18F6AA6924CC07C1005F3855 /* JobListViewController.swift */; };
		18F6AA6E24CC085F005F3855 /* Jobs.storyboard in Resources */ = {isa = PBXBuildFile; fileRef = 18F6AA6D24CC085F005F3855 /* Jobs.storyboard */; };
		3B04BB2E24CB4D4C00C61E50 /* GradientExtension.swift in Sources */ = {isa = PBXBuildFile; fileRef = 3B04BB2D24CB4D4C00C61E50 /* GradientExtension.swift */; };
		3B14A58924CC053700FC235D /* OtpViewController.swift in Sources */ = {isa = PBXBuildFile; fileRef = 3B14A58824CC053700FC235D /* OtpViewController.swift */; };
		3B14A58C24CC113500FC235D /* TabBarViewController.swift in Sources */ = {isa = PBXBuildFile; fileRef = 18F6AA6B24CC0819005F3855 /* TabBarViewController.swift */; };
		3B51F49824D5A633007A80A2 /* QuoteTableViewCell.swift in Sources */ = {isa = PBXBuildFile; fileRef = 3B51F49724D5A633007A80A2 /* QuoteTableViewCell.swift */; };
		3B51F49A24D5A639007A80A2 /* QuoteTableViewCell.xib in Resources */ = {isa = PBXBuildFile; fileRef = 3B51F49924D5A639007A80A2 /* QuoteTableViewCell.xib */; };
		3B8274D424D51A6B000E1617 /* QuoteDetailsViewController.swift in Sources */ = {isa = PBXBuildFile; fileRef = 3B8274D324D51A6B000E1617 /* QuoteDetailsViewController.swift */; };
		3B8274D624D51A77000E1617 /* ChatViewController.swift in Sources */ = {isa = PBXBuildFile; fileRef = 3B8274D524D51A77000E1617 /* ChatViewController.swift */; };
		3B8274D824D51A90000E1617 /* BusinessProfileViewController.swift in Sources */ = {isa = PBXBuildFile; fileRef = 3B8274D724D51A90000E1617 /* BusinessProfileViewController.swift */; };
		3B8274DA24D51AB9000E1617 /* InboxDetailsViewController.swift in Sources */ = {isa = PBXBuildFile; fileRef = 3B8274D924D51AB9000E1617 /* InboxDetailsViewController.swift */; };
		3BBFD2C824D28C4A004B7AE4 /* ChatTableViewCell.swift in Sources */ = {isa = PBXBuildFile; fileRef = 3BBFD2C724D28C4A004B7AE4 /* ChatTableViewCell.swift */; };
		3BBFD2CA24D28C52004B7AE4 /* ChatTableViewCell.xib in Resources */ = {isa = PBXBuildFile; fileRef = 3BBFD2C924D28C52004B7AE4 /* ChatTableViewCell.xib */; };
		3BF05BA424C95EE900E16081 /* Poppins-Light.ttf in Resources */ = {isa = PBXBuildFile; fileRef = 3BF05BA324C95EE900E16081 /* Poppins-Light.ttf */; };
		3BF05BA524C95EEC00E16081 /* Poppins-Bold.ttf in Resources */ = {isa = PBXBuildFile; fileRef = 3BF05BA224C95ED700E16081 /* Poppins-Bold.ttf */; };
		3BF05BA724C95F0500E16081 /* Poppins-Regular.ttf in Resources */ = {isa = PBXBuildFile; fileRef = 3BF05BA624C95F0500E16081 /* Poppins-Regular.ttf */; };
		3BF05BA924C95F1300E16081 /* Poppins-SemiBold.ttf in Resources */ = {isa = PBXBuildFile; fileRef = 3BF05BA824C95F1300E16081 /* Poppins-SemiBold.ttf */; };
		3BF05BAB24C95F2600E16081 /* Poppins-Black.ttf in Resources */ = {isa = PBXBuildFile; fileRef = 3BF05BAA24C95F2600E16081 /* Poppins-Black.ttf */; };
		3BF05BAD24C95F3400E16081 /* Poppins-Italic.ttf in Resources */ = {isa = PBXBuildFile; fileRef = 3BF05BAC24C95F3400E16081 /* Poppins-Italic.ttf */; };
		3BF05BAF24C95F4400E16081 /* Poppins-Thin.ttf in Resources */ = {isa = PBXBuildFile; fileRef = 3BF05BAE24C95F4400E16081 /* Poppins-Thin.ttf */; };
		3BF05BB124C95F4D00E16081 /* Poppins-ExtraLight.ttf in Resources */ = {isa = PBXBuildFile; fileRef = 3BF05BB024C95F4D00E16081 /* Poppins-ExtraLight.ttf */; };
		3BF05BB324C9632300E16081 /* LoadingIndicator.swift in Sources */ = {isa = PBXBuildFile; fileRef = 3BF05BB224C9632300E16081 /* LoadingIndicator.swift */; };
		3BF05BC524C9634600E16081 /* SliderExtension.swift in Sources */ = {isa = PBXBuildFile; fileRef = 3BF05BB424C9634400E16081 /* SliderExtension.swift */; };
		3BF05BC624C9634600E16081 /* UIImageExtension.swift in Sources */ = {isa = PBXBuildFile; fileRef = 3BF05BB524C9634400E16081 /* UIImageExtension.swift */; };
		3BF05BC724C9634600E16081 /* UIPageViewControllerExtension.swift in Sources */ = {isa = PBXBuildFile; fileRef = 3BF05BB624C9634500E16081 /* UIPageViewControllerExtension.swift */; };
		3BF05BC924C9634600E16081 /* UITextViewExtension.swift in Sources */ = {isa = PBXBuildFile; fileRef = 3BF05BB824C9634500E16081 /* UITextViewExtension.swift */; };
		3BF05BCA24C9634600E16081 /* ArrayExtension.swift in Sources */ = {isa = PBXBuildFile; fileRef = 3BF05BB924C9634500E16081 /* ArrayExtension.swift */; };
		3BF05BCB24C9634600E16081 /* StringExtension.swift in Sources */ = {isa = PBXBuildFile; fileRef = 3BF05BBA24C9634500E16081 /* StringExtension.swift */; };
		3BF05BCC24C9634600E16081 /* UILabelExtension.swift in Sources */ = {isa = PBXBuildFile; fileRef = 3BF05BBB24C9634500E16081 /* UILabelExtension.swift */; };
		3BF05BCD24C9634600E16081 /* Validations.swift in Sources */ = {isa = PBXBuildFile; fileRef = 3BF05BBC24C9634500E16081 /* Validations.swift */; };
		3BF05BCE24C9634600E16081 /* UIButtonExtension.swift in Sources */ = {isa = PBXBuildFile; fileRef = 3BF05BBD24C9634500E16081 /* UIButtonExtension.swift */; };
		3BF05BCF24C9634600E16081 /* DateExtension.swift in Sources */ = {isa = PBXBuildFile; fileRef = 3BF05BBE24C9634500E16081 /* DateExtension.swift */; };
		3BF05BD024C9634600E16081 /* NotificationExtension.swift in Sources */ = {isa = PBXBuildFile; fileRef = 3BF05BBF24C9634500E16081 /* NotificationExtension.swift */; };
		3BF05BD224C9634600E16081 /* UITextFieldExtension.swift in Sources */ = {isa = PBXBuildFile; fileRef = 3BF05BC124C9634500E16081 /* UITextFieldExtension.swift */; };
		3BF05BD324C9634600E16081 /* UIViewControllerExtension.swift in Sources */ = {isa = PBXBuildFile; fileRef = 3BF05BC224C9634600E16081 /* UIViewControllerExtension.swift */; };
		3BF05BD424C9634600E16081 /* UIDeviceExtension.swift in Sources */ = {isa = PBXBuildFile; fileRef = 3BF05BC324C9634600E16081 /* UIDeviceExtension.swift */; };
		3BF05BD524C9634600E16081 /* UIViewExtension.swift in Sources */ = {isa = PBXBuildFile; fileRef = 3BF05BC424C9634600E16081 /* UIViewExtension.swift */; };
		3BF05BDF24C96AEC00E16081 /* CameraHandler.swift in Sources */ = {isa = PBXBuildFile; fileRef = 3BF05BD624C96AEC00E16081 /* CameraHandler.swift */; };
		3BF05BE024C96AEC00E16081 /* StringConstants.swift in Sources */ = {isa = PBXBuildFile; fileRef = 3BF05BD724C96AEC00E16081 /* StringConstants.swift */; };
		3BF05BE124C96AEC00E16081 /* ImageManager.swift in Sources */ = {isa = PBXBuildFile; fileRef = 3BF05BD824C96AEC00E16081 /* ImageManager.swift */; };
		3BF05BE224C96AEC00E16081 /* GCDUtils.swift in Sources */ = {isa = PBXBuildFile; fileRef = 3BF05BD924C96AEC00E16081 /* GCDUtils.swift */; };
		3BF05BE324C96AEC00E16081 /* Config.swift in Sources */ = {isa = PBXBuildFile; fileRef = 3BF05BDA24C96AEC00E16081 /* Config.swift */; };
		3BF05BE424C96AEC00E16081 /* NetworkManager.swift in Sources */ = {isa = PBXBuildFile; fileRef = 3BF05BDB24C96AEC00E16081 /* NetworkManager.swift */; };
		3BF05BE524C96AED00E16081 /* FontManager.swift in Sources */ = {isa = PBXBuildFile; fileRef = 3BF05BDC24C96AEC00E16081 /* FontManager.swift */; };
		3BF05BE624C96AED00E16081 /* UserDetails.swift in Sources */ = {isa = PBXBuildFile; fileRef = 3BF05BDD24C96AEC00E16081 /* UserDetails.swift */; };
		3BF05BE724C96AED00E16081 /* ColorManager.swift in Sources */ = {isa = PBXBuildFile; fileRef = 3BF05BDE24C96AEC00E16081 /* ColorManager.swift */; };
		3BF05BEA24C96AFC00E16081 /* APIManager.swift in Sources */ = {isa = PBXBuildFile; fileRef = 3BF05BE924C96AFC00E16081 /* APIManager.swift */; };
		3BF05BEF24C972F900E16081 /* LoginModel.swift in Sources */ = {isa = PBXBuildFile; fileRef = 3BF05BEE24C972F900E16081 /* LoginModel.swift */; };
		3BF05BF224C973E900E16081 /* BaseViewController.swift in Sources */ = {isa = PBXBuildFile; fileRef = 3BF05BF124C973E900E16081 /* BaseViewController.swift */; };
		3BF05BF524C9920D00E16081 /* AuthViewModel.swift in Sources */ = {isa = PBXBuildFile; fileRef = 3BF05BF424C9920D00E16081 /* AuthViewModel.swift */; };
		3BF05BF824C9936400E16081 /* AuthApiManager.swift in Sources */ = {isa = PBXBuildFile; fileRef = 3BF05BF724C9936400E16081 /* AuthApiManager.swift */; };
		78B494BAE0D54EE19A125A1D /* Pods_MyTaxman_Customer_MyTaxman_CustomerUITests.framework in Frameworks */ = {isa = PBXBuildFile; fileRef = 5DEF4EEFA743F15959C3A9CC /* Pods_MyTaxman_Customer_MyTaxman_CustomerUITests.framework */; };
		7B5C58902D8716F2B47499B1 /* Pods_MyTaxman_Customer.framework in Frameworks */ = {isa = PBXBuildFile; fileRef = 1A808644CBE221222169888A /* Pods_MyTaxman_Customer.framework */; };
/* End PBXBuildFile section */

/* Begin PBXContainerItemProxy section */
		1888975024C72820000DFAB3 /* PBXContainerItemProxy */ = {
			isa = PBXContainerItemProxy;
			containerPortal = 1888973124C7281C000DFAB3 /* Project object */;
			proxyType = 1;
			remoteGlobalIDString = 1888973824C7281C000DFAB3;
			remoteInfo = MyTaxman_Customer;
		};
		1888975B24C72820000DFAB3 /* PBXContainerItemProxy */ = {
			isa = PBXContainerItemProxy;
			containerPortal = 1888973124C7281C000DFAB3 /* Project object */;
			proxyType = 1;
			remoteGlobalIDString = 1888973824C7281C000DFAB3;
			remoteInfo = MyTaxman_Customer;
		};
/* End PBXContainerItemProxy section */

/* Begin PBXFileReference section */
		1818C1BC24D54B28009808CE /* CancelJobsListViewController.swift */ = {isa = PBXFileReference; lastKnownFileType = sourcecode.swift; path = CancelJobsListViewController.swift; sourceTree = "<group>"; };
		1826252F24CCA41F00DF7A4B /* PageSixViewController.swift */ = {isa = PBXFileReference; lastKnownFileType = sourcecode.swift; path = PageSixViewController.swift; sourceTree = "<group>"; };
		1826253124CCA82900DF7A4B /* GetPlacesViewController.swift */ = {isa = PBXFileReference; lastKnownFileType = sourcecode.swift; path = GetPlacesViewController.swift; sourceTree = "<group>"; };
		1826253424CCBB4E00DF7A4B /* AddressTableViewCell.swift */ = {isa = PBXFileReference; lastKnownFileType = sourcecode.swift; path = AddressTableViewCell.swift; sourceTree = "<group>"; };
		1826253524CCBB4E00DF7A4B /* AddressTableViewCell.xib */ = {isa = PBXFileReference; lastKnownFileType = file.xib; path = AddressTableViewCell.xib; sourceTree = "<group>"; };
		1826253824CD362A00DF7A4B /* AccountServiceViewController.swift */ = {isa = PBXFileReference; lastKnownFileType = sourcecode.swift; path = AccountServiceViewController.swift; sourceTree = "<group>"; };
		1826253A24CD414C00DF7A4B /* FinancialServiceViewController.swift */ = {isa = PBXFileReference; lastKnownFileType = sourcecode.swift; path = FinancialServiceViewController.swift; sourceTree = "<group>"; };
		1826253C24CD450E00DF7A4B /* SuperFundsServiceViewController.swift */ = {isa = PBXFileReference; lastKnownFileType = sourcecode.swift; path = SuperFundsServiceViewController.swift; sourceTree = "<group>"; };
		1826253E24CD481100DF7A4B /* AuditServiceViewController.swift */ = {isa = PBXFileReference; lastKnownFileType = sourcecode.swift; path = AuditServiceViewController.swift; sourceTree = "<group>"; };
		1826254024CD4B0100DF7A4B /* LegalAdviceServiceViewController.swift */ = {isa = PBXFileReference; lastKnownFileType = sourcecode.swift; path = LegalAdviceServiceViewController.swift; sourceTree = "<group>"; };
		1826254324CDB94200DF7A4B /* JobsModel.swift */ = {isa = PBXFileReference; lastKnownFileType = sourcecode.swift; path = JobsModel.swift; sourceTree = "<group>"; };
		1826254524CDC79000DF7A4B /* EmployeeOrContractViewController.swift */ = {isa = PBXFileReference; lastKnownFileType = sourcecode.swift; path = EmployeeOrContractViewController.swift; sourceTree = "<group>"; };
		1826254724CDD29900DF7A4B /* LeadsViewModel.swift */ = {isa = PBXFileReference; lastKnownFileType = sourcecode.swift; path = LeadsViewModel.swift; sourceTree = "<group>"; };
		1826254924CDD33B00DF7A4B /* LeadApiManager.swift */ = {isa = PBXFileReference; lastKnownFileType = sourcecode.swift; path = LeadApiManager.swift; sourceTree = "<group>"; };
		1826254B24CDEE6F00DF7A4B /* TaxReturnViewController.swift */ = {isa = PBXFileReference; lastKnownFileType = sourcecode.swift; path = TaxReturnViewController.swift; sourceTree = "<group>"; };
		1857C75D24CF37BD00E1DDAD /* JobsListModel.swift */ = {isa = PBXFileReference; lastKnownFileType = sourcecode.swift; path = JobsListModel.swift; sourceTree = "<group>"; };
		1857C7B524D2927200E1DDAD /* JobsTableViewCell.swift */ = {isa = PBXFileReference; lastKnownFileType = sourcecode.swift; path = JobsTableViewCell.swift; sourceTree = "<group>"; };
		1857C7B624D2927200E1DDAD /* JobsTableViewCell.xib */ = {isa = PBXFileReference; lastKnownFileType = file.xib; path = JobsTableViewCell.xib; sourceTree = "<group>"; };
		187DDF0D24D68D2F00CBE610 /* VendorInfoView.xib */ = {isa = PBXFileReference; lastKnownFileType = file.xib; path = VendorInfoView.xib; sourceTree = "<group>"; };
		187DDF0F24D68D4C00CBE610 /* VendorInfoView.swift */ = {isa = PBXFileReference; lastKnownFileType = sourcecode.swift; path = VendorInfoView.swift; sourceTree = "<group>"; };
		1888973924C7281C000DFAB3 /* MyTaxman_Customer.app */ = {isa = PBXFileReference; explicitFileType = wrapper.application; includeInIndex = 0; path = MyTaxman_Customer.app; sourceTree = BUILT_PRODUCTS_DIR; };
		1888973C24C7281C000DFAB3 /* AppDelegate.swift */ = {isa = PBXFileReference; lastKnownFileType = sourcecode.swift; path = AppDelegate.swift; sourceTree = "<group>"; };
		1888973E24C7281C000DFAB3 /* SceneDelegate.swift */ = {isa = PBXFileReference; lastKnownFileType = sourcecode.swift; path = SceneDelegate.swift; sourceTree = "<group>"; };
		1888974524C7281F000DFAB3 /* Assets.xcassets */ = {isa = PBXFileReference; lastKnownFileType = folder.assetcatalog; path = Assets.xcassets; sourceTree = "<group>"; };
		1888974824C7281F000DFAB3 /* Base */ = {isa = PBXFileReference; lastKnownFileType = file.storyboard; name = Base; path = Base.lproj/LaunchScreen.storyboard; sourceTree = "<group>"; };
		1888974A24C7281F000DFAB3 /* Info.plist */ = {isa = PBXFileReference; lastKnownFileType = text.plist.xml; path = Info.plist; sourceTree = "<group>"; };
		1888974F24C72820000DFAB3 /* MyTaxman_CustomerTests.xctest */ = {isa = PBXFileReference; explicitFileType = wrapper.cfbundle; includeInIndex = 0; path = MyTaxman_CustomerTests.xctest; sourceTree = BUILT_PRODUCTS_DIR; };
		1888975324C72820000DFAB3 /* MyTaxman_CustomerTests.swift */ = {isa = PBXFileReference; lastKnownFileType = sourcecode.swift; path = MyTaxman_CustomerTests.swift; sourceTree = "<group>"; };
		1888975524C72820000DFAB3 /* Info.plist */ = {isa = PBXFileReference; lastKnownFileType = text.plist.xml; path = Info.plist; sourceTree = "<group>"; };
		1888975A24C72820000DFAB3 /* MyTaxman_CustomerUITests.xctest */ = {isa = PBXFileReference; explicitFileType = wrapper.cfbundle; includeInIndex = 0; path = MyTaxman_CustomerUITests.xctest; sourceTree = BUILT_PRODUCTS_DIR; };
		1888975E24C72820000DFAB3 /* MyTaxman_CustomerUITests.swift */ = {isa = PBXFileReference; lastKnownFileType = sourcecode.swift; path = MyTaxman_CustomerUITests.swift; sourceTree = "<group>"; };
		1888976024C72820000DFAB3 /* Info.plist */ = {isa = PBXFileReference; lastKnownFileType = text.plist.xml; path = Info.plist; sourceTree = "<group>"; };
		1888977524C728AD000DFAB3 /* Auth.storyboard */ = {isa = PBXFileReference; lastKnownFileType = file.storyboard; path = Auth.storyboard; sourceTree = "<group>"; };
		1888977724C728C1000DFAB3 /* LoginViewController.swift */ = {isa = PBXFileReference; lastKnownFileType = sourcecode.swift; path = LoginViewController.swift; sourceTree = "<group>"; };
		1888977B24C72919000DFAB3 /* GetStartedViewController.swift */ = {isa = PBXFileReference; lastKnownFileType = sourcecode.swift; path = GetStartedViewController.swift; sourceTree = "<group>"; };
		1888977D24C73D6E000DFAB3 /* ForgotPasswordViewController.swift */ = {isa = PBXFileReference; lastKnownFileType = sourcecode.swift; path = ForgotPasswordViewController.swift; sourceTree = "<group>"; };
		18B2E61E24C8956D002A9CCE /* Leads.storyboard */ = {isa = PBXFileReference; lastKnownFileType = file.storyboard; path = Leads.storyboard; sourceTree = "<group>"; };
		18B2E62024C89586002A9CCE /* LeadsDashboardViewController.swift */ = {isa = PBXFileReference; lastKnownFileType = sourcecode.swift; path = LeadsDashboardViewController.swift; sourceTree = "<group>"; };
		18B2E62224C89AA5002A9CCE /* AppStoryboards.swift */ = {isa = PBXFileReference; lastKnownFileType = sourcecode.swift; path = AppStoryboards.swift; sourceTree = "<group>"; };
		18B2E62A24C89D21002A9CCE /* LeadsCollectionViewCell.swift */ = {isa = PBXFileReference; lastKnownFileType = sourcecode.swift; path = LeadsCollectionViewCell.swift; sourceTree = "<group>"; };
		18B2E62B24C89D21002A9CCE /* LeadsCollectionViewCell.xib */ = {isa = PBXFileReference; lastKnownFileType = file.xib; path = LeadsCollectionViewCell.xib; sourceTree = "<group>"; };
		18B2E62E24C8AB38002A9CCE /* PageOneViewController.swift */ = {isa = PBXFileReference; lastKnownFileType = sourcecode.swift; path = PageOneViewController.swift; sourceTree = "<group>"; };
		18B2E63024C8AB46002A9CCE /* PageTwoViewController.swift */ = {isa = PBXFileReference; lastKnownFileType = sourcecode.swift; path = PageTwoViewController.swift; sourceTree = "<group>"; };
		18B2E63224C8AB50002A9CCE /* PageThreeViewController.swift */ = {isa = PBXFileReference; lastKnownFileType = sourcecode.swift; path = PageThreeViewController.swift; sourceTree = "<group>"; };
		18B2E63424C8AB5B002A9CCE /* PageFourViewController.swift */ = {isa = PBXFileReference; lastKnownFileType = sourcecode.swift; path = PageFourViewController.swift; sourceTree = "<group>"; };
		18B2E63724C8AB71002A9CCE /* PageFiveViewController.swift */ = {isa = PBXFileReference; lastKnownFileType = sourcecode.swift; path = PageFiveViewController.swift; sourceTree = "<group>"; };
		18B2E63A24C8ABD8002A9CCE /* LeadsManager.swift */ = {isa = PBXFileReference; lastKnownFileType = sourcecode.swift; path = LeadsManager.swift; sourceTree = "<group>"; };
		18F6AA5524CA0E63005F3855 /* ContactInfoViewController.swift */ = {isa = PBXFileReference; lastKnownFileType = sourcecode.swift; path = ContactInfoViewController.swift; sourceTree = "<group>"; };
		18F6AA5724CB4F61005F3855 /* Poppins-Medium.ttf */ = {isa = PBXFileReference; lastKnownFileType = file; path = "Poppins-Medium.ttf"; sourceTree = "<group>"; };
		18F6AA5C24CC06FC005F3855 /* Tabbar.storyboard */ = {isa = PBXFileReference; lastKnownFileType = file.storyboard; path = Tabbar.storyboard; sourceTree = "<group>"; };
		18F6AA5E24CC074B005F3855 /* Inbox.storyboard */ = {isa = PBXFileReference; lastKnownFileType = file.storyboard; path = Inbox.storyboard; sourceTree = "<group>"; };
		18F6AA6024CC0758005F3855 /* Settings.storyboard */ = {isa = PBXFileReference; lastKnownFileType = file.storyboard; path = Settings.storyboard; sourceTree = "<group>"; };
		18F6AA6324CC0777005F3855 /* ChatListViewController.swift */ = {isa = PBXFileReference; lastKnownFileType = sourcecode.swift; path = ChatListViewController.swift; sourceTree = "<group>"; };
		18F6AA6624CC079B005F3855 /* SettingsViewController.swift */ = {isa = PBXFileReference; lastKnownFileType = sourcecode.swift; path = SettingsViewController.swift; sourceTree = "<group>"; };
		18F6AA6924CC07C1005F3855 /* JobListViewController.swift */ = {isa = PBXFileReference; lastKnownFileType = sourcecode.swift; path = JobListViewController.swift; sourceTree = "<group>"; };
		18F6AA6B24CC0819005F3855 /* TabBarViewController.swift */ = {isa = PBXFileReference; lastKnownFileType = sourcecode.swift; path = TabBarViewController.swift; sourceTree = "<group>"; };
		18F6AA6D24CC085F005F3855 /* Jobs.storyboard */ = {isa = PBXFileReference; lastKnownFileType = file.storyboard; path = Jobs.storyboard; sourceTree = "<group>"; };
		1A808644CBE221222169888A /* Pods_MyTaxman_Customer.framework */ = {isa = PBXFileReference; explicitFileType = wrapper.framework; includeInIndex = 0; path = Pods_MyTaxman_Customer.framework; sourceTree = BUILT_PRODUCTS_DIR; };
		204D9835D667B4F26C12E8EA /* Pods-MyTaxman_Customer.debug.xcconfig */ = {isa = PBXFileReference; includeInIndex = 1; lastKnownFileType = text.xcconfig; name = "Pods-MyTaxman_Customer.debug.xcconfig"; path = "Target Support Files/Pods-MyTaxman_Customer/Pods-MyTaxman_Customer.debug.xcconfig"; sourceTree = "<group>"; };
		3B04BB2D24CB4D4C00C61E50 /* GradientExtension.swift */ = {isa = PBXFileReference; lastKnownFileType = sourcecode.swift; path = GradientExtension.swift; sourceTree = "<group>"; };
		3B14A58824CC053700FC235D /* OtpViewController.swift */ = {isa = PBXFileReference; lastKnownFileType = sourcecode.swift; path = OtpViewController.swift; sourceTree = "<group>"; };
		3B51F49724D5A633007A80A2 /* QuoteTableViewCell.swift */ = {isa = PBXFileReference; lastKnownFileType = sourcecode.swift; path = QuoteTableViewCell.swift; sourceTree = "<group>"; };
		3B51F49924D5A639007A80A2 /* QuoteTableViewCell.xib */ = {isa = PBXFileReference; lastKnownFileType = file.xib; path = QuoteTableViewCell.xib; sourceTree = "<group>"; };
		3B8274D324D51A6B000E1617 /* QuoteDetailsViewController.swift */ = {isa = PBXFileReference; lastKnownFileType = sourcecode.swift; path = QuoteDetailsViewController.swift; sourceTree = "<group>"; };
		3B8274D524D51A77000E1617 /* ChatViewController.swift */ = {isa = PBXFileReference; lastKnownFileType = sourcecode.swift; path = ChatViewController.swift; sourceTree = "<group>"; };
		3B8274D724D51A90000E1617 /* BusinessProfileViewController.swift */ = {isa = PBXFileReference; lastKnownFileType = sourcecode.swift; path = BusinessProfileViewController.swift; sourceTree = "<group>"; };
		3B8274D924D51AB9000E1617 /* InboxDetailsViewController.swift */ = {isa = PBXFileReference; lastKnownFileType = sourcecode.swift; path = InboxDetailsViewController.swift; sourceTree = "<group>"; };
		3BBFD2C724D28C4A004B7AE4 /* ChatTableViewCell.swift */ = {isa = PBXFileReference; lastKnownFileType = sourcecode.swift; path = ChatTableViewCell.swift; sourceTree = "<group>"; };
		3BBFD2C924D28C52004B7AE4 /* ChatTableViewCell.xib */ = {isa = PBXFileReference; lastKnownFileType = file.xib; path = ChatTableViewCell.xib; sourceTree = "<group>"; };
		3BF05BA224C95ED700E16081 /* Poppins-Bold.ttf */ = {isa = PBXFileReference; lastKnownFileType = file; path = "Poppins-Bold.ttf"; sourceTree = "<group>"; };
		3BF05BA324C95EE900E16081 /* Poppins-Light.ttf */ = {isa = PBXFileReference; lastKnownFileType = file; path = "Poppins-Light.ttf"; sourceTree = "<group>"; };
		3BF05BA624C95F0500E16081 /* Poppins-Regular.ttf */ = {isa = PBXFileReference; lastKnownFileType = file; path = "Poppins-Regular.ttf"; sourceTree = "<group>"; };
		3BF05BA824C95F1300E16081 /* Poppins-SemiBold.ttf */ = {isa = PBXFileReference; lastKnownFileType = file; path = "Poppins-SemiBold.ttf"; sourceTree = "<group>"; };
		3BF05BAA24C95F2600E16081 /* Poppins-Black.ttf */ = {isa = PBXFileReference; lastKnownFileType = file; path = "Poppins-Black.ttf"; sourceTree = "<group>"; };
		3BF05BAC24C95F3400E16081 /* Poppins-Italic.ttf */ = {isa = PBXFileReference; lastKnownFileType = file; path = "Poppins-Italic.ttf"; sourceTree = "<group>"; };
		3BF05BAE24C95F4400E16081 /* Poppins-Thin.ttf */ = {isa = PBXFileReference; lastKnownFileType = file; path = "Poppins-Thin.ttf"; sourceTree = "<group>"; };
		3BF05BB024C95F4D00E16081 /* Poppins-ExtraLight.ttf */ = {isa = PBXFileReference; lastKnownFileType = file; path = "Poppins-ExtraLight.ttf"; sourceTree = "<group>"; };
		3BF05BB224C9632300E16081 /* LoadingIndicator.swift */ = {isa = PBXFileReference; fileEncoding = 4; lastKnownFileType = sourcecode.swift; path = LoadingIndicator.swift; sourceTree = "<group>"; };
		3BF05BB424C9634400E16081 /* SliderExtension.swift */ = {isa = PBXFileReference; fileEncoding = 4; lastKnownFileType = sourcecode.swift; path = SliderExtension.swift; sourceTree = "<group>"; };
		3BF05BB524C9634400E16081 /* UIImageExtension.swift */ = {isa = PBXFileReference; fileEncoding = 4; lastKnownFileType = sourcecode.swift; path = UIImageExtension.swift; sourceTree = "<group>"; };
		3BF05BB624C9634500E16081 /* UIPageViewControllerExtension.swift */ = {isa = PBXFileReference; fileEncoding = 4; lastKnownFileType = sourcecode.swift; path = UIPageViewControllerExtension.swift; sourceTree = "<group>"; };
		3BF05BB824C9634500E16081 /* UITextViewExtension.swift */ = {isa = PBXFileReference; fileEncoding = 4; lastKnownFileType = sourcecode.swift; path = UITextViewExtension.swift; sourceTree = "<group>"; };
		3BF05BB924C9634500E16081 /* ArrayExtension.swift */ = {isa = PBXFileReference; fileEncoding = 4; lastKnownFileType = sourcecode.swift; path = ArrayExtension.swift; sourceTree = "<group>"; };
		3BF05BBA24C9634500E16081 /* StringExtension.swift */ = {isa = PBXFileReference; fileEncoding = 4; lastKnownFileType = sourcecode.swift; path = StringExtension.swift; sourceTree = "<group>"; };
		3BF05BBB24C9634500E16081 /* UILabelExtension.swift */ = {isa = PBXFileReference; fileEncoding = 4; lastKnownFileType = sourcecode.swift; path = UILabelExtension.swift; sourceTree = "<group>"; };
		3BF05BBC24C9634500E16081 /* Validations.swift */ = {isa = PBXFileReference; fileEncoding = 4; lastKnownFileType = sourcecode.swift; path = Validations.swift; sourceTree = "<group>"; };
		3BF05BBD24C9634500E16081 /* UIButtonExtension.swift */ = {isa = PBXFileReference; fileEncoding = 4; lastKnownFileType = sourcecode.swift; path = UIButtonExtension.swift; sourceTree = "<group>"; };
		3BF05BBE24C9634500E16081 /* DateExtension.swift */ = {isa = PBXFileReference; fileEncoding = 4; lastKnownFileType = sourcecode.swift; path = DateExtension.swift; sourceTree = "<group>"; };
		3BF05BBF24C9634500E16081 /* NotificationExtension.swift */ = {isa = PBXFileReference; fileEncoding = 4; lastKnownFileType = sourcecode.swift; path = NotificationExtension.swift; sourceTree = "<group>"; };
		3BF05BC124C9634500E16081 /* UITextFieldExtension.swift */ = {isa = PBXFileReference; fileEncoding = 4; lastKnownFileType = sourcecode.swift; path = UITextFieldExtension.swift; sourceTree = "<group>"; };
		3BF05BC224C9634600E16081 /* UIViewControllerExtension.swift */ = {isa = PBXFileReference; fileEncoding = 4; lastKnownFileType = sourcecode.swift; path = UIViewControllerExtension.swift; sourceTree = "<group>"; };
		3BF05BC324C9634600E16081 /* UIDeviceExtension.swift */ = {isa = PBXFileReference; fileEncoding = 4; lastKnownFileType = sourcecode.swift; path = UIDeviceExtension.swift; sourceTree = "<group>"; };
		3BF05BC424C9634600E16081 /* UIViewExtension.swift */ = {isa = PBXFileReference; fileEncoding = 4; lastKnownFileType = sourcecode.swift; path = UIViewExtension.swift; sourceTree = "<group>"; };
		3BF05BD624C96AEC00E16081 /* CameraHandler.swift */ = {isa = PBXFileReference; fileEncoding = 4; lastKnownFileType = sourcecode.swift; path = CameraHandler.swift; sourceTree = "<group>"; };
		3BF05BD724C96AEC00E16081 /* StringConstants.swift */ = {isa = PBXFileReference; fileEncoding = 4; lastKnownFileType = sourcecode.swift; path = StringConstants.swift; sourceTree = "<group>"; };
		3BF05BD824C96AEC00E16081 /* ImageManager.swift */ = {isa = PBXFileReference; fileEncoding = 4; lastKnownFileType = sourcecode.swift; path = ImageManager.swift; sourceTree = "<group>"; };
		3BF05BD924C96AEC00E16081 /* GCDUtils.swift */ = {isa = PBXFileReference; fileEncoding = 4; lastKnownFileType = sourcecode.swift; path = GCDUtils.swift; sourceTree = "<group>"; };
		3BF05BDA24C96AEC00E16081 /* Config.swift */ = {isa = PBXFileReference; fileEncoding = 4; lastKnownFileType = sourcecode.swift; path = Config.swift; sourceTree = "<group>"; };
		3BF05BDB24C96AEC00E16081 /* NetworkManager.swift */ = {isa = PBXFileReference; fileEncoding = 4; lastKnownFileType = sourcecode.swift; path = NetworkManager.swift; sourceTree = "<group>"; };
		3BF05BDC24C96AEC00E16081 /* FontManager.swift */ = {isa = PBXFileReference; fileEncoding = 4; lastKnownFileType = sourcecode.swift; path = FontManager.swift; sourceTree = "<group>"; };
		3BF05BDD24C96AEC00E16081 /* UserDetails.swift */ = {isa = PBXFileReference; fileEncoding = 4; lastKnownFileType = sourcecode.swift; path = UserDetails.swift; sourceTree = "<group>"; };
		3BF05BDE24C96AEC00E16081 /* ColorManager.swift */ = {isa = PBXFileReference; fileEncoding = 4; lastKnownFileType = sourcecode.swift; path = ColorManager.swift; sourceTree = "<group>"; };
		3BF05BE924C96AFC00E16081 /* APIManager.swift */ = {isa = PBXFileReference; fileEncoding = 4; lastKnownFileType = sourcecode.swift; path = APIManager.swift; sourceTree = "<group>"; };
		3BF05BEE24C972F900E16081 /* LoginModel.swift */ = {isa = PBXFileReference; lastKnownFileType = sourcecode.swift; path = LoginModel.swift; sourceTree = "<group>"; };
		3BF05BF124C973E900E16081 /* BaseViewController.swift */ = {isa = PBXFileReference; lastKnownFileType = sourcecode.swift; path = BaseViewController.swift; sourceTree = "<group>"; };
		3BF05BF424C9920D00E16081 /* AuthViewModel.swift */ = {isa = PBXFileReference; fileEncoding = 4; lastKnownFileType = sourcecode.swift; path = AuthViewModel.swift; sourceTree = "<group>"; };
		3BF05BF724C9936400E16081 /* AuthApiManager.swift */ = {isa = PBXFileReference; fileEncoding = 4; lastKnownFileType = sourcecode.swift; path = AuthApiManager.swift; sourceTree = "<group>"; };
		48619F62146DF708E2A60C90 /* Pods-MyTaxman_CustomerTests.debug.xcconfig */ = {isa = PBXFileReference; includeInIndex = 1; lastKnownFileType = text.xcconfig; name = "Pods-MyTaxman_CustomerTests.debug.xcconfig"; path = "Target Support Files/Pods-MyTaxman_CustomerTests/Pods-MyTaxman_CustomerTests.debug.xcconfig"; sourceTree = "<group>"; };
		5DEF4EEFA743F15959C3A9CC /* Pods_MyTaxman_Customer_MyTaxman_CustomerUITests.framework */ = {isa = PBXFileReference; explicitFileType = wrapper.framework; includeInIndex = 0; path = Pods_MyTaxman_Customer_MyTaxman_CustomerUITests.framework; sourceTree = BUILT_PRODUCTS_DIR; };
		5EB8A480B1904D8FE5D8DEB4 /* Pods-MyTaxman_Customer.release.xcconfig */ = {isa = PBXFileReference; includeInIndex = 1; lastKnownFileType = text.xcconfig; name = "Pods-MyTaxman_Customer.release.xcconfig"; path = "Target Support Files/Pods-MyTaxman_Customer/Pods-MyTaxman_Customer.release.xcconfig"; sourceTree = "<group>"; };
		6839CD77AF4D3E5FF2B00B6B /* Pods-MyTaxman_Customer-MyTaxman_CustomerUITests.release.xcconfig */ = {isa = PBXFileReference; includeInIndex = 1; lastKnownFileType = text.xcconfig; name = "Pods-MyTaxman_Customer-MyTaxman_CustomerUITests.release.xcconfig"; path = "Target Support Files/Pods-MyTaxman_Customer-MyTaxman_CustomerUITests/Pods-MyTaxman_Customer-MyTaxman_CustomerUITests.release.xcconfig"; sourceTree = "<group>"; };
		7F208C929F9C720E52D1A3B0 /* Pods-MyTaxman_CustomerTests.release.xcconfig */ = {isa = PBXFileReference; includeInIndex = 1; lastKnownFileType = text.xcconfig; name = "Pods-MyTaxman_CustomerTests.release.xcconfig"; path = "Target Support Files/Pods-MyTaxman_CustomerTests/Pods-MyTaxman_CustomerTests.release.xcconfig"; sourceTree = "<group>"; };
		C7AEA97E077DD7C30DEC2B40 /* Pods_MyTaxman_CustomerTests.framework */ = {isa = PBXFileReference; explicitFileType = wrapper.framework; includeInIndex = 0; path = Pods_MyTaxman_CustomerTests.framework; sourceTree = BUILT_PRODUCTS_DIR; };
		F21AB7BF2E21E2F4C5D61722 /* Pods-MyTaxman_Customer-MyTaxman_CustomerUITests.debug.xcconfig */ = {isa = PBXFileReference; includeInIndex = 1; lastKnownFileType = text.xcconfig; name = "Pods-MyTaxman_Customer-MyTaxman_CustomerUITests.debug.xcconfig"; path = "Target Support Files/Pods-MyTaxman_Customer-MyTaxman_CustomerUITests/Pods-MyTaxman_Customer-MyTaxman_CustomerUITests.debug.xcconfig"; sourceTree = "<group>"; };
/* End PBXFileReference section */

/* Begin PBXFrameworksBuildPhase section */
		1888973624C7281C000DFAB3 /* Frameworks */ = {
			isa = PBXFrameworksBuildPhase;
			buildActionMask = 2147483647;
			files = (
				7B5C58902D8716F2B47499B1 /* Pods_MyTaxman_Customer.framework in Frameworks */,
			);
			runOnlyForDeploymentPostprocessing = 0;
		};
		1888974C24C72820000DFAB3 /* Frameworks */ = {
			isa = PBXFrameworksBuildPhase;
			buildActionMask = 2147483647;
			files = (
				139CB5B5A7B2BBDCDDF3EA53 /* Pods_MyTaxman_CustomerTests.framework in Frameworks */,
			);
			runOnlyForDeploymentPostprocessing = 0;
		};
		1888975724C72820000DFAB3 /* Frameworks */ = {
			isa = PBXFrameworksBuildPhase;
			buildActionMask = 2147483647;
			files = (
				78B494BAE0D54EE19A125A1D /* Pods_MyTaxman_Customer_MyTaxman_CustomerUITests.framework in Frameworks */,
			);
			runOnlyForDeploymentPostprocessing = 0;
		};
/* End PBXFrameworksBuildPhase section */

/* Begin PBXGroup section */
		07C4425314996773865BA38C /* Frameworks */ = {
			isa = PBXGroup;
			children = (
				1A808644CBE221222169888A /* Pods_MyTaxman_Customer.framework */,
				5DEF4EEFA743F15959C3A9CC /* Pods_MyTaxman_Customer_MyTaxman_CustomerUITests.framework */,
				C7AEA97E077DD7C30DEC2B40 /* Pods_MyTaxman_CustomerTests.framework */,
			);
			name = Frameworks;
			sourceTree = "<group>";
		};
		1826253324CCBB3100DF7A4B /* Jobs */ = {
			isa = PBXGroup;
			children = (
				1826253424CCBB4E00DF7A4B /* AddressTableViewCell.swift */,
				1826253524CCBB4E00DF7A4B /* AddressTableViewCell.xib */,
				1857C7B524D2927200E1DDAD /* JobsTableViewCell.swift */,
				1857C7B624D2927200E1DDAD /* JobsTableViewCell.xib */,
			);
			path = Jobs;
			sourceTree = "<group>";
		};
		1826254224CDB93000DF7A4B /* Jobs */ = {
			isa = PBXGroup;
			children = (
				1826254324CDB94200DF7A4B /* JobsModel.swift */,
				1857C75D24CF37BD00E1DDAD /* JobsListModel.swift */,
			);
			path = Jobs;
			sourceTree = "<group>";
		};
		187DDF0C24D68D1900CBE610 /* Jobs */ = {
			isa = PBXGroup;
			children = (
				187DDF0D24D68D2F00CBE610 /* VendorInfoView.xib */,
				187DDF0F24D68D4C00CBE610 /* VendorInfoView.swift */,
			);
			path = Jobs;
			sourceTree = "<group>";
		};
		1888973024C7281C000DFAB3 = {
			isa = PBXGroup;
			children = (
				1888973B24C7281C000DFAB3 /* MyTaxman_Customer */,
				1888975224C72820000DFAB3 /* MyTaxman_CustomerTests */,
				1888975D24C72820000DFAB3 /* MyTaxman_CustomerUITests */,
				1888973A24C7281C000DFAB3 /* Products */,
				BC7A53FDFAC5A70E0B1B0D52 /* Pods */,
				07C4425314996773865BA38C /* Frameworks */,
				3B14A58B24CC102600FC235D /* Recovered References */,
			);
			sourceTree = "<group>";
		};
		1888973A24C7281C000DFAB3 /* Products */ = {
			isa = PBXGroup;
			children = (
				1888973924C7281C000DFAB3 /* MyTaxman_Customer.app */,
				1888974F24C72820000DFAB3 /* MyTaxman_CustomerTests.xctest */,
				1888975A24C72820000DFAB3 /* MyTaxman_CustomerUITests.xctest */,
			);
			name = Products;
			sourceTree = "<group>";
		};
		1888973B24C7281C000DFAB3 /* MyTaxman_Customer */ = {
			isa = PBXGroup;
			children = (
				18B2E62424C89ADF002A9CCE /* Extensions */,
				1888977324C7286C000DFAB3 /* Libararies */,
				1888977224C72866000DFAB3 /* Utitlities */,
				1888977124C72860000DFAB3 /* ApiManagers */,
				1888976D24C7283B000DFAB3 /* ViewControllers */,
				1888976F24C72855000DFAB3 /* Views */,
				1888977024C7285A000DFAB3 /* ViewModels */,
				3BF05BEC24C9707100E16081 /* Model */,
				1888976C24C72830000DFAB3 /* Storyboards */,
				1888973C24C7281C000DFAB3 /* AppDelegate.swift */,
				1888973E24C7281C000DFAB3 /* SceneDelegate.swift */,
				1888974524C7281F000DFAB3 /* Assets.xcassets */,
				1888974724C7281F000DFAB3 /* LaunchScreen.storyboard */,
				1888974A24C7281F000DFAB3 /* Info.plist */,
			);
			path = MyTaxman_Customer;
			sourceTree = "<group>";
		};
		1888975224C72820000DFAB3 /* MyTaxman_CustomerTests */ = {
			isa = PBXGroup;
			children = (
				1888975324C72820000DFAB3 /* MyTaxman_CustomerTests.swift */,
				1888975524C72820000DFAB3 /* Info.plist */,
			);
			path = MyTaxman_CustomerTests;
			sourceTree = "<group>";
		};
		1888975D24C72820000DFAB3 /* MyTaxman_CustomerUITests */ = {
			isa = PBXGroup;
			children = (
				1888975E24C72820000DFAB3 /* MyTaxman_CustomerUITests.swift */,
				1888976024C72820000DFAB3 /* Info.plist */,
			);
			path = MyTaxman_CustomerUITests;
			sourceTree = "<group>";
		};
		1888976C24C72830000DFAB3 /* Storyboards */ = {
			isa = PBXGroup;
			children = (
				1888977524C728AD000DFAB3 /* Auth.storyboard */,
				18B2E61E24C8956D002A9CCE /* Leads.storyboard */,
				18F6AA5C24CC06FC005F3855 /* Tabbar.storyboard */,
				18F6AA5E24CC074B005F3855 /* Inbox.storyboard */,
				18F6AA6024CC0758005F3855 /* Settings.storyboard */,
				18F6AA6D24CC085F005F3855 /* Jobs.storyboard */,
			);
			path = Storyboards;
			sourceTree = "<group>";
		};
		1888976D24C7283B000DFAB3 /* ViewControllers */ = {
			isa = PBXGroup;
			children = (
				18F6AA6824CC07B2005F3855 /* Jobs */,
				18F6AA6524CC0789005F3855 /* Settings */,
				18F6AA6224CC0768005F3855 /* Chat */,
				3BF05BF024C973D200E16081 /* Base */,
				18B2E61D24C892CB002A9CCE /* Leads */,
				18B2E61C24C892A2002A9CCE /* Auth */,
				18F6AA6B24CC0819005F3855 /* TabBarViewController.swift */,
			);
			path = ViewControllers;
			sourceTree = "<group>";
		};
		1888976F24C72855000DFAB3 /* Views */ = {
			isa = PBXGroup;
			children = (
				18B2E62924C89D07002A9CCE /* UIViews */,
				18B2E62824C89CFF002A9CCE /* TableViewCells */,
				18B2E62724C89CF4002A9CCE /* CollectionViewCells */,
			);
			path = Views;
			sourceTree = "<group>";
		};
		1888977024C7285A000DFAB3 /* ViewModels */ = {
			isa = PBXGroup;
			children = (
				3BF05BF324C9920400E16081 /* Auth */,
				18B2E63924C8ABC5002A9CCE /* LeadsManager */,
			);
			path = ViewModels;
			sourceTree = "<group>";
		};
		1888977124C72860000DFAB3 /* ApiManagers */ = {
			isa = PBXGroup;
			children = (
				3BF05BF624C9935800E16081 /* Auth */,
			);
			path = ApiManagers;
			sourceTree = "<group>";
		};
		1888977224C72866000DFAB3 /* Utitlities */ = {
			isa = PBXGroup;
			children = (
				3BF05BE824C96AF500E16081 /* WebServices */,
				3BF05BD624C96AEC00E16081 /* CameraHandler.swift */,
				3BF05BDE24C96AEC00E16081 /* ColorManager.swift */,
				3BF05BDA24C96AEC00E16081 /* Config.swift */,
				3BF05BDC24C96AEC00E16081 /* FontManager.swift */,
				3BF05BD924C96AEC00E16081 /* GCDUtils.swift */,
				3BF05BD824C96AEC00E16081 /* ImageManager.swift */,
				3BF05BDB24C96AEC00E16081 /* NetworkManager.swift */,
				3BF05BD724C96AEC00E16081 /* StringConstants.swift */,
				3BF05BDD24C96AEC00E16081 /* UserDetails.swift */,
				1888977424C72877000DFAB3 /* Font */,
				18B2E62224C89AA5002A9CCE /* AppStoryboards.swift */,
			);
			path = Utitlities;
			sourceTree = "<group>";
		};
		1888977324C7286C000DFAB3 /* Libararies */ = {
			isa = PBXGroup;
			children = (
				3BF05BB224C9632300E16081 /* LoadingIndicator.swift */,
			);
			path = Libararies;
			sourceTree = "<group>";
		};
		1888977424C72877000DFAB3 /* Font */ = {
			isa = PBXGroup;
			children = (
				3BF05BAA24C95F2600E16081 /* Poppins-Black.ttf */,
				18F6AA5724CB4F61005F3855 /* Poppins-Medium.ttf */,
				3BF05BA824C95F1300E16081 /* Poppins-SemiBold.ttf */,
				3BF05BAC24C95F3400E16081 /* Poppins-Italic.ttf */,
				3BF05BA624C95F0500E16081 /* Poppins-Regular.ttf */,
				3BF05BAE24C95F4400E16081 /* Poppins-Thin.ttf */,
				3BF05BB024C95F4D00E16081 /* Poppins-ExtraLight.ttf */,
				3BF05BA324C95EE900E16081 /* Poppins-Light.ttf */,
				3BF05BA224C95ED700E16081 /* Poppins-Bold.ttf */,
			);
			path = Font;
			sourceTree = "<group>";
		};
		18B2E61C24C892A2002A9CCE /* Auth */ = {
			isa = PBXGroup;
			children = (
				1888977D24C73D6E000DFAB3 /* ForgotPasswordViewController.swift */,
				1888977724C728C1000DFAB3 /* LoginViewController.swift */,
				1888977B24C72919000DFAB3 /* GetStartedViewController.swift */,
				18F6AA5524CA0E63005F3855 /* ContactInfoViewController.swift */,
				3B14A58824CC053700FC235D /* OtpViewController.swift */,
			);
			path = Auth;
			sourceTree = "<group>";
		};
		18B2E61D24C892CB002A9CCE /* Leads */ = {
			isa = PBXGroup;
			children = (
				18B2E62024C89586002A9CCE /* LeadsDashboardViewController.swift */,
				18B2E62E24C8AB38002A9CCE /* PageOneViewController.swift */,
				18B2E63024C8AB46002A9CCE /* PageTwoViewController.swift */,
				18B2E63224C8AB50002A9CCE /* PageThreeViewController.swift */,
				18B2E63424C8AB5B002A9CCE /* PageFourViewController.swift */,
				18B2E63724C8AB71002A9CCE /* PageFiveViewController.swift */,
				1826252F24CCA41F00DF7A4B /* PageSixViewController.swift */,
				1826253124CCA82900DF7A4B /* GetPlacesViewController.swift */,
				1826253824CD362A00DF7A4B /* AccountServiceViewController.swift */,
				1826253A24CD414C00DF7A4B /* FinancialServiceViewController.swift */,
				1826253C24CD450E00DF7A4B /* SuperFundsServiceViewController.swift */,
				1826253E24CD481100DF7A4B /* AuditServiceViewController.swift */,
				1826254024CD4B0100DF7A4B /* LegalAdviceServiceViewController.swift */,
				1826254524CDC79000DF7A4B /* EmployeeOrContractViewController.swift */,
				1826254B24CDEE6F00DF7A4B /* TaxReturnViewController.swift */,
			);
			path = Leads;
			sourceTree = "<group>";
		};
		18B2E62424C89ADF002A9CCE /* Extensions */ = {
			isa = PBXGroup;
			children = (
				3BF05BB924C9634500E16081 /* ArrayExtension.swift */,
				3BF05BBE24C9634500E16081 /* DateExtension.swift */,
				3BF05BBF24C9634500E16081 /* NotificationExtension.swift */,
				3BF05BB424C9634400E16081 /* SliderExtension.swift */,
				3BF05BBA24C9634500E16081 /* StringExtension.swift */,
				3BF05BBD24C9634500E16081 /* UIButtonExtension.swift */,
				3B04BB2D24CB4D4C00C61E50 /* GradientExtension.swift */,
				3BF05BC324C9634600E16081 /* UIDeviceExtension.swift */,
				3BF05BB524C9634400E16081 /* UIImageExtension.swift */,
				3BF05BBB24C9634500E16081 /* UILabelExtension.swift */,
				3BF05BB624C9634500E16081 /* UIPageViewControllerExtension.swift */,
				3BF05BC124C9634500E16081 /* UITextFieldExtension.swift */,
				3BF05BB824C9634500E16081 /* UITextViewExtension.swift */,
				3BF05BC224C9634600E16081 /* UIViewControllerExtension.swift */,
				3BF05BC424C9634600E16081 /* UIViewExtension.swift */,
				3BF05BBC24C9634500E16081 /* Validations.swift */,
			);
			path = Extensions;
			sourceTree = "<group>";
		};
		18B2E62724C89CF4002A9CCE /* CollectionViewCells */ = {
			isa = PBXGroup;
			children = (
				18B2E62A24C89D21002A9CCE /* LeadsCollectionViewCell.swift */,
				18B2E62B24C89D21002A9CCE /* LeadsCollectionViewCell.xib */,
			);
			path = CollectionViewCells;
			sourceTree = "<group>";
		};
		18B2E62824C89CFF002A9CCE /* TableViewCells */ = {
			isa = PBXGroup;
			children = (
				3BBFD2C624D28C21004B7AE4 /* Inbox */,
				1826253324CCBB3100DF7A4B /* Jobs */,
			);
			path = TableViewCells;
			sourceTree = "<group>";
		};
		18B2E62924C89D07002A9CCE /* UIViews */ = {
			isa = PBXGroup;
			children = (
				187DDF0C24D68D1900CBE610 /* Jobs */,
			);
			path = UIViews;
			sourceTree = "<group>";
		};
		18B2E63924C8ABC5002A9CCE /* LeadsManager */ = {
			isa = PBXGroup;
			children = (
				18B2E63A24C8ABD8002A9CCE /* LeadsManager.swift */,
				1826254724CDD29900DF7A4B /* LeadsViewModel.swift */,
			);
			path = LeadsManager;
			sourceTree = "<group>";
		};
		18F6AA6224CC0768005F3855 /* Chat */ = {
			isa = PBXGroup;
			children = (
				18F6AA6324CC0777005F3855 /* ChatListViewController.swift */,
				3B8274D924D51AB9000E1617 /* InboxDetailsViewController.swift */,
				3B8274D324D51A6B000E1617 /* QuoteDetailsViewController.swift */,
				3B8274D524D51A77000E1617 /* ChatViewController.swift */,
				3B8274D724D51A90000E1617 /* BusinessProfileViewController.swift */,
			);
			path = Chat;
			sourceTree = "<group>";
		};
		18F6AA6524CC0789005F3855 /* Settings */ = {
			isa = PBXGroup;
			children = (
				18F6AA6624CC079B005F3855 /* SettingsViewController.swift */,
			);
			path = Settings;
			sourceTree = "<group>";
		};
		18F6AA6824CC07B2005F3855 /* Jobs */ = {
			isa = PBXGroup;
			children = (
				18F6AA6924CC07C1005F3855 /* JobListViewController.swift */,
				1818C1BC24D54B28009808CE /* CancelJobsListViewController.swift */,
			);
			path = Jobs;
			sourceTree = "<group>";
		};
		3B14A58B24CC102600FC235D /* Recovered References */ = {
			isa = PBXGroup;
			children = (
			);
			name = "Recovered References";
			sourceTree = "<group>";
		};
		3BBFD2C624D28C21004B7AE4 /* Inbox */ = {
			isa = PBXGroup;
			children = (
				3BBFD2C724D28C4A004B7AE4 /* ChatTableViewCell.swift */,
				3BBFD2C924D28C52004B7AE4 /* ChatTableViewCell.xib */,
				3B51F49724D5A633007A80A2 /* QuoteTableViewCell.swift */,
				3B51F49924D5A639007A80A2 /* QuoteTableViewCell.xib */,
			);
			path = Inbox;
			sourceTree = "<group>";
		};
		3BF05BE824C96AF500E16081 /* WebServices */ = {
			isa = PBXGroup;
			children = (
				3BF05BE924C96AFC00E16081 /* APIManager.swift */,
			);
			path = WebServices;
			sourceTree = "<group>";
		};
		3BF05BEC24C9707100E16081 /* Model */ = {
			isa = PBXGroup;
			children = (
				1826254224CDB93000DF7A4B /* Jobs */,
				3BF05BED24C9708B00E16081 /* Auth */,
			);
			path = Model;
			sourceTree = "<group>";
		};
		3BF05BED24C9708B00E16081 /* Auth */ = {
			isa = PBXGroup;
			children = (
				3BF05BEE24C972F900E16081 /* LoginModel.swift */,
			);
			path = Auth;
			sourceTree = "<group>";
		};
		3BF05BF024C973D200E16081 /* Base */ = {
			isa = PBXGroup;
			children = (
				3BF05BF124C973E900E16081 /* BaseViewController.swift */,
			);
			path = Base;
			sourceTree = "<group>";
		};
		3BF05BF324C9920400E16081 /* Auth */ = {
			isa = PBXGroup;
			children = (
				3BF05BF424C9920D00E16081 /* AuthViewModel.swift */,
			);
			path = Auth;
			sourceTree = "<group>";
		};
		3BF05BF624C9935800E16081 /* Auth */ = {
			isa = PBXGroup;
			children = (
				3BF05BF724C9936400E16081 /* AuthApiManager.swift */,
				1826254924CDD33B00DF7A4B /* LeadApiManager.swift */,
			);
			path = Auth;
			sourceTree = "<group>";
		};
		BC7A53FDFAC5A70E0B1B0D52 /* Pods */ = {
			isa = PBXGroup;
			children = (
				204D9835D667B4F26C12E8EA /* Pods-MyTaxman_Customer.debug.xcconfig */,
				5EB8A480B1904D8FE5D8DEB4 /* Pods-MyTaxman_Customer.release.xcconfig */,
				F21AB7BF2E21E2F4C5D61722 /* Pods-MyTaxman_Customer-MyTaxman_CustomerUITests.debug.xcconfig */,
				6839CD77AF4D3E5FF2B00B6B /* Pods-MyTaxman_Customer-MyTaxman_CustomerUITests.release.xcconfig */,
				48619F62146DF708E2A60C90 /* Pods-MyTaxman_CustomerTests.debug.xcconfig */,
				7F208C929F9C720E52D1A3B0 /* Pods-MyTaxman_CustomerTests.release.xcconfig */,
			);
			path = Pods;
			sourceTree = "<group>";
		};
/* End PBXGroup section */

/* Begin PBXNativeTarget section */
		1888973824C7281C000DFAB3 /* MyTaxman_Customer */ = {
			isa = PBXNativeTarget;
			buildConfigurationList = 1888976324C72820000DFAB3 /* Build configuration list for PBXNativeTarget "MyTaxman_Customer" */;
			buildPhases = (
				3F3E3133F8405BD5D5C925AA /* [CP] Check Pods Manifest.lock */,
				1888973524C7281C000DFAB3 /* Sources */,
				1888973624C7281C000DFAB3 /* Frameworks */,
				1888973724C7281C000DFAB3 /* Resources */,
				CD472F8AA6B56F051E193AA8 /* [CP] Embed Pods Frameworks */,
				9DAA66DA8D8666EE0122852F /* [CP] Copy Pods Resources */,
			);
			buildRules = (
			);
			dependencies = (
			);
			name = MyTaxman_Customer;
			productName = MyTaxman_Customer;
			productReference = 1888973924C7281C000DFAB3 /* MyTaxman_Customer.app */;
			productType = "com.apple.product-type.application";
		};
		1888974E24C72820000DFAB3 /* MyTaxman_CustomerTests */ = {
			isa = PBXNativeTarget;
			buildConfigurationList = 1888976624C72820000DFAB3 /* Build configuration list for PBXNativeTarget "MyTaxman_CustomerTests" */;
			buildPhases = (
				DE3536624EDAB73B6D3E1967 /* [CP] Check Pods Manifest.lock */,
				1888974B24C72820000DFAB3 /* Sources */,
				1888974C24C72820000DFAB3 /* Frameworks */,
				1888974D24C72820000DFAB3 /* Resources */,
			);
			buildRules = (
			);
			dependencies = (
				1888975124C72820000DFAB3 /* PBXTargetDependency */,
			);
			name = MyTaxman_CustomerTests;
			productName = MyTaxman_CustomerTests;
			productReference = 1888974F24C72820000DFAB3 /* MyTaxman_CustomerTests.xctest */;
			productType = "com.apple.product-type.bundle.unit-test";
		};
		1888975924C72820000DFAB3 /* MyTaxman_CustomerUITests */ = {
			isa = PBXNativeTarget;
			buildConfigurationList = 1888976924C72820000DFAB3 /* Build configuration list for PBXNativeTarget "MyTaxman_CustomerUITests" */;
			buildPhases = (
				91A05F2CE4764FC59514A793 /* [CP] Check Pods Manifest.lock */,
				1888975624C72820000DFAB3 /* Sources */,
				1888975724C72820000DFAB3 /* Frameworks */,
				1888975824C72820000DFAB3 /* Resources */,
				0D6AF6ADDD548022671A1E64 /* [CP] Embed Pods Frameworks */,
				399F12F9F99A2A68CEA96761 /* [CP] Copy Pods Resources */,
			);
			buildRules = (
			);
			dependencies = (
				1888975C24C72820000DFAB3 /* PBXTargetDependency */,
			);
			name = MyTaxman_CustomerUITests;
			productName = MyTaxman_CustomerUITests;
			productReference = 1888975A24C72820000DFAB3 /* MyTaxman_CustomerUITests.xctest */;
			productType = "com.apple.product-type.bundle.ui-testing";
		};
/* End PBXNativeTarget section */

/* Begin PBXProject section */
		1888973124C7281C000DFAB3 /* Project object */ = {
			isa = PBXProject;
			attributes = {
				LastSwiftUpdateCheck = 1130;
				LastUpgradeCheck = 1130;
				ORGANIZATIONNAME = Apple;
				TargetAttributes = {
					1888973824C7281C000DFAB3 = {
						CreatedOnToolsVersion = 11.3.1;
					};
					1888974E24C72820000DFAB3 = {
						CreatedOnToolsVersion = 11.3.1;
						TestTargetID = 1888973824C7281C000DFAB3;
					};
					1888975924C72820000DFAB3 = {
						CreatedOnToolsVersion = 11.3.1;
						TestTargetID = 1888973824C7281C000DFAB3;
					};
				};
			};
			buildConfigurationList = 1888973424C7281C000DFAB3 /* Build configuration list for PBXProject "MyTaxman_Customer" */;
			compatibilityVersion = "Xcode 9.3";
			developmentRegion = en;
			hasScannedForEncodings = 0;
			knownRegions = (
				en,
				Base,
			);
			mainGroup = 1888973024C7281C000DFAB3;
			productRefGroup = 1888973A24C7281C000DFAB3 /* Products */;
			projectDirPath = "";
			projectRoot = "";
			targets = (
				1888973824C7281C000DFAB3 /* MyTaxman_Customer */,
				1888974E24C72820000DFAB3 /* MyTaxman_CustomerTests */,
				1888975924C72820000DFAB3 /* MyTaxman_CustomerUITests */,
			);
		};
/* End PBXProject section */

/* Begin PBXResourcesBuildPhase section */
		1888973724C7281C000DFAB3 /* Resources */ = {
			isa = PBXResourcesBuildPhase;
			buildActionMask = 2147483647;
			files = (
				18F6AA5D24CC06FC005F3855 /* Tabbar.storyboard in Resources */,
				18F6AA6124CC0758005F3855 /* Settings.storyboard in Resources */,
				18B2E61F24C8956D002A9CCE /* Leads.storyboard in Resources */,
				18F6AA5824CB4F62005F3855 /* Poppins-Medium.ttf in Resources */,
				3BF05BA424C95EE900E16081 /* Poppins-Light.ttf in Resources */,
				3BF05BA524C95EEC00E16081 /* Poppins-Bold.ttf in Resources */,
				18F6AA6E24CC085F005F3855 /* Jobs.storyboard in Resources */,
				1888977624C728AD000DFAB3 /* Auth.storyboard in Resources */,
				3B51F49A24D5A639007A80A2 /* QuoteTableViewCell.xib in Resources */,
				3BF05BAB24C95F2600E16081 /* Poppins-Black.ttf in Resources */,
				18F6AA5F24CC074B005F3855 /* Inbox.storyboard in Resources */,
				18B2E62D24C89D21002A9CCE /* LeadsCollectionViewCell.xib in Resources */,
				1888974924C7281F000DFAB3 /* LaunchScreen.storyboard in Resources */,
				3BF05BAD24C95F3400E16081 /* Poppins-Italic.ttf in Resources */,
				3BF05BA924C95F1300E16081 /* Poppins-SemiBold.ttf in Resources */,
				3BF05BAF24C95F4400E16081 /* Poppins-Thin.ttf in Resources */,
				1888974624C7281F000DFAB3 /* Assets.xcassets in Resources */,
				187DDF0E24D68D2F00CBE610 /* VendorInfoView.xib in Resources */,
				1826253724CCBB4E00DF7A4B /* AddressTableViewCell.xib in Resources */,
				3BBFD2CA24D28C52004B7AE4 /* ChatTableViewCell.xib in Resources */,
				3BF05BA724C95F0500E16081 /* Poppins-Regular.ttf in Resources */,
				3BF05BB124C95F4D00E16081 /* Poppins-ExtraLight.ttf in Resources */,
				1857C7B824D2927200E1DDAD /* JobsTableViewCell.xib in Resources */,
			);
			runOnlyForDeploymentPostprocessing = 0;
		};
		1888974D24C72820000DFAB3 /* Resources */ = {
			isa = PBXResourcesBuildPhase;
			buildActionMask = 2147483647;
			files = (
			);
			runOnlyForDeploymentPostprocessing = 0;
		};
		1888975824C72820000DFAB3 /* Resources */ = {
			isa = PBXResourcesBuildPhase;
			buildActionMask = 2147483647;
			files = (
			);
			runOnlyForDeploymentPostprocessing = 0;
		};
/* End PBXResourcesBuildPhase section */

/* Begin PBXShellScriptBuildPhase section */
		0D6AF6ADDD548022671A1E64 /* [CP] Embed Pods Frameworks */ = {
			isa = PBXShellScriptBuildPhase;
			buildActionMask = 2147483647;
			files = (
			);
			inputFileListPaths = (
				"${PODS_ROOT}/Target Support Files/Pods-MyTaxman_Customer-MyTaxman_CustomerUITests/Pods-MyTaxman_Customer-MyTaxman_CustomerUITests-frameworks-${CONFIGURATION}-input-files.xcfilelist",
			);
			name = "[CP] Embed Pods Frameworks";
			outputFileListPaths = (
				"${PODS_ROOT}/Target Support Files/Pods-MyTaxman_Customer-MyTaxman_CustomerUITests/Pods-MyTaxman_Customer-MyTaxman_CustomerUITests-frameworks-${CONFIGURATION}-output-files.xcfilelist",
			);
			runOnlyForDeploymentPostprocessing = 0;
			shellPath = /bin/sh;
			shellScript = "\"${PODS_ROOT}/Target Support Files/Pods-MyTaxman_Customer-MyTaxman_CustomerUITests/Pods-MyTaxman_Customer-MyTaxman_CustomerUITests-frameworks.sh\"\n";
			showEnvVarsInLog = 0;
		};
		399F12F9F99A2A68CEA96761 /* [CP] Copy Pods Resources */ = {
			isa = PBXShellScriptBuildPhase;
			buildActionMask = 2147483647;
			files = (
			);
			inputFileListPaths = (
				"${PODS_ROOT}/Target Support Files/Pods-MyTaxman_Customer-MyTaxman_CustomerUITests/Pods-MyTaxman_Customer-MyTaxman_CustomerUITests-resources-${CONFIGURATION}-input-files.xcfilelist",
			);
			name = "[CP] Copy Pods Resources";
			outputFileListPaths = (
				"${PODS_ROOT}/Target Support Files/Pods-MyTaxman_Customer-MyTaxman_CustomerUITests/Pods-MyTaxman_Customer-MyTaxman_CustomerUITests-resources-${CONFIGURATION}-output-files.xcfilelist",
			);
			runOnlyForDeploymentPostprocessing = 0;
			shellPath = /bin/sh;
			shellScript = "\"${PODS_ROOT}/Target Support Files/Pods-MyTaxman_Customer-MyTaxman_CustomerUITests/Pods-MyTaxman_Customer-MyTaxman_CustomerUITests-resources.sh\"\n";
			showEnvVarsInLog = 0;
		};
		3F3E3133F8405BD5D5C925AA /* [CP] Check Pods Manifest.lock */ = {
			isa = PBXShellScriptBuildPhase;
			buildActionMask = 2147483647;
			files = (
			);
			inputFileListPaths = (
			);
			inputPaths = (
				"${PODS_PODFILE_DIR_PATH}/Podfile.lock",
				"${PODS_ROOT}/Manifest.lock",
			);
			name = "[CP] Check Pods Manifest.lock";
			outputFileListPaths = (
			);
			outputPaths = (
				"$(DERIVED_FILE_DIR)/Pods-MyTaxman_Customer-checkManifestLockResult.txt",
			);
			runOnlyForDeploymentPostprocessing = 0;
			shellPath = /bin/sh;
			shellScript = "diff \"${PODS_PODFILE_DIR_PATH}/Podfile.lock\" \"${PODS_ROOT}/Manifest.lock\" > /dev/null\nif [ $? != 0 ] ; then\n    # print error to STDERR\n    echo \"error: The sandbox is not in sync with the Podfile.lock. Run 'pod install' or update your CocoaPods installation.\" >&2\n    exit 1\nfi\n# This output is used by Xcode 'outputs' to avoid re-running this script phase.\necho \"SUCCESS\" > \"${SCRIPT_OUTPUT_FILE_0}\"\n";
			showEnvVarsInLog = 0;
		};
		91A05F2CE4764FC59514A793 /* [CP] Check Pods Manifest.lock */ = {
			isa = PBXShellScriptBuildPhase;
			buildActionMask = 2147483647;
			files = (
			);
			inputFileListPaths = (
			);
			inputPaths = (
				"${PODS_PODFILE_DIR_PATH}/Podfile.lock",
				"${PODS_ROOT}/Manifest.lock",
			);
			name = "[CP] Check Pods Manifest.lock";
			outputFileListPaths = (
			);
			outputPaths = (
				"$(DERIVED_FILE_DIR)/Pods-MyTaxman_Customer-MyTaxman_CustomerUITests-checkManifestLockResult.txt",
			);
			runOnlyForDeploymentPostprocessing = 0;
			shellPath = /bin/sh;
			shellScript = "diff \"${PODS_PODFILE_DIR_PATH}/Podfile.lock\" \"${PODS_ROOT}/Manifest.lock\" > /dev/null\nif [ $? != 0 ] ; then\n    # print error to STDERR\n    echo \"error: The sandbox is not in sync with the Podfile.lock. Run 'pod install' or update your CocoaPods installation.\" >&2\n    exit 1\nfi\n# This output is used by Xcode 'outputs' to avoid re-running this script phase.\necho \"SUCCESS\" > \"${SCRIPT_OUTPUT_FILE_0}\"\n";
			showEnvVarsInLog = 0;
		};
		9DAA66DA8D8666EE0122852F /* [CP] Copy Pods Resources */ = {
			isa = PBXShellScriptBuildPhase;
			buildActionMask = 2147483647;
			files = (
			);
			inputFileListPaths = (
				"${PODS_ROOT}/Target Support Files/Pods-MyTaxman_Customer/Pods-MyTaxman_Customer-resources-${CONFIGURATION}-input-files.xcfilelist",
			);
			name = "[CP] Copy Pods Resources";
			outputFileListPaths = (
				"${PODS_ROOT}/Target Support Files/Pods-MyTaxman_Customer/Pods-MyTaxman_Customer-resources-${CONFIGURATION}-output-files.xcfilelist",
			);
			runOnlyForDeploymentPostprocessing = 0;
			shellPath = /bin/sh;
			shellScript = "\"${PODS_ROOT}/Target Support Files/Pods-MyTaxman_Customer/Pods-MyTaxman_Customer-resources.sh\"\n";
			showEnvVarsInLog = 0;
		};
		CD472F8AA6B56F051E193AA8 /* [CP] Embed Pods Frameworks */ = {
			isa = PBXShellScriptBuildPhase;
			buildActionMask = 2147483647;
			files = (
			);
			inputFileListPaths = (
				"${PODS_ROOT}/Target Support Files/Pods-MyTaxman_Customer/Pods-MyTaxman_Customer-frameworks-${CONFIGURATION}-input-files.xcfilelist",
			);
			name = "[CP] Embed Pods Frameworks";
			outputFileListPaths = (
				"${PODS_ROOT}/Target Support Files/Pods-MyTaxman_Customer/Pods-MyTaxman_Customer-frameworks-${CONFIGURATION}-output-files.xcfilelist",
			);
			runOnlyForDeploymentPostprocessing = 0;
			shellPath = /bin/sh;
			shellScript = "\"${PODS_ROOT}/Target Support Files/Pods-MyTaxman_Customer/Pods-MyTaxman_Customer-frameworks.sh\"\n";
			showEnvVarsInLog = 0;
		};
		DE3536624EDAB73B6D3E1967 /* [CP] Check Pods Manifest.lock */ = {
			isa = PBXShellScriptBuildPhase;
			buildActionMask = 2147483647;
			files = (
			);
			inputFileListPaths = (
			);
			inputPaths = (
				"${PODS_PODFILE_DIR_PATH}/Podfile.lock",
				"${PODS_ROOT}/Manifest.lock",
			);
			name = "[CP] Check Pods Manifest.lock";
			outputFileListPaths = (
			);
			outputPaths = (
				"$(DERIVED_FILE_DIR)/Pods-MyTaxman_CustomerTests-checkManifestLockResult.txt",
			);
			runOnlyForDeploymentPostprocessing = 0;
			shellPath = /bin/sh;
			shellScript = "diff \"${PODS_PODFILE_DIR_PATH}/Podfile.lock\" \"${PODS_ROOT}/Manifest.lock\" > /dev/null\nif [ $? != 0 ] ; then\n    # print error to STDERR\n    echo \"error: The sandbox is not in sync with the Podfile.lock. Run 'pod install' or update your CocoaPods installation.\" >&2\n    exit 1\nfi\n# This output is used by Xcode 'outputs' to avoid re-running this script phase.\necho \"SUCCESS\" > \"${SCRIPT_OUTPUT_FILE_0}\"\n";
			showEnvVarsInLog = 0;
		};
/* End PBXShellScriptBuildPhase section */

/* Begin PBXSourcesBuildPhase section */
		1888973524C7281C000DFAB3 /* Sources */ = {
			isa = PBXSourcesBuildPhase;
			buildActionMask = 2147483647;
			files = (
				3BF05BE424C96AEC00E16081 /* NetworkManager.swift in Sources */,
				3BF05BEF24C972F900E16081 /* LoginModel.swift in Sources */,
				1826253024CCA41F00DF7A4B /* PageSixViewController.swift in Sources */,
				18F6AA6A24CC07C1005F3855 /* JobListViewController.swift in Sources */,
				3BF05BE024C96AEC00E16081 /* StringConstants.swift in Sources */,
				3BF05BC524C9634600E16081 /* SliderExtension.swift in Sources */,
				1826253624CCBB4E00DF7A4B /* AddressTableViewCell.swift in Sources */,
				3BF05BCF24C9634600E16081 /* DateExtension.swift in Sources */,
				18B2E62124C89586002A9CCE /* LeadsDashboardViewController.swift in Sources */,
				18B2E63B24C8ABD8002A9CCE /* LeadsManager.swift in Sources */,
				3BF05BEA24C96AFC00E16081 /* APIManager.swift in Sources */,
				1826254A24CDD33B00DF7A4B /* LeadApiManager.swift in Sources */,
				1857C75E24CF37BE00E1DDAD /* JobsListModel.swift in Sources */,
				1888977824C728C1000DFAB3 /* LoginViewController.swift in Sources */,
				3BF05BD424C9634600E16081 /* UIDeviceExtension.swift in Sources */,
				1888973D24C7281C000DFAB3 /* AppDelegate.swift in Sources */,
				3BF05BE624C96AED00E16081 /* UserDetails.swift in Sources */,
				3BF05BE724C96AED00E16081 /* ColorManager.swift in Sources */,
				3BF05BD524C9634600E16081 /* UIViewExtension.swift in Sources */,
				3BF05BE524C96AED00E16081 /* FontManager.swift in Sources */,
				1826254824CDD29900DF7A4B /* LeadsViewModel.swift in Sources */,
				3BF05BF224C973E900E16081 /* BaseViewController.swift in Sources */,
				3BF05BD224C9634600E16081 /* UITextFieldExtension.swift in Sources */,
				1826253D24CD450E00DF7A4B /* SuperFundsServiceViewController.swift in Sources */,
				3BF05BD024C9634600E16081 /* NotificationExtension.swift in Sources */,
				18F6AA6424CC0777005F3855 /* ChatListViewController.swift in Sources */,
				18B2E63824C8AB71002A9CCE /* PageFiveViewController.swift in Sources */,
				3BBFD2C824D28C4A004B7AE4 /* ChatTableViewCell.swift in Sources */,
				3BF05BC924C9634600E16081 /* UITextViewExtension.swift in Sources */,
				3BF05BB324C9632300E16081 /* LoadingIndicator.swift in Sources */,
				1888977E24C73D6E000DFAB3 /* ForgotPasswordViewController.swift in Sources */,
				3BF05BCA24C9634600E16081 /* ArrayExtension.swift in Sources */,
				3B51F49824D5A633007A80A2 /* QuoteTableViewCell.swift in Sources */,
				3B8274DA24D51AB9000E1617 /* InboxDetailsViewController.swift in Sources */,
				187DDF1024D68D4C00CBE610 /* VendorInfoView.swift in Sources */,
				3BF05BE124C96AEC00E16081 /* ImageManager.swift in Sources */,
				1826254624CDC79000DF7A4B /* EmployeeOrContractViewController.swift in Sources */,
				1826253B24CD414C00DF7A4B /* FinancialServiceViewController.swift in Sources */,
				3BF05BDF24C96AEC00E16081 /* CameraHandler.swift in Sources */,
				18B2E62C24C89D21002A9CCE /* LeadsCollectionViewCell.swift in Sources */,
				3BF05BCD24C9634600E16081 /* Validations.swift in Sources */,
				1826254C24CDEE6F00DF7A4B /* TaxReturnViewController.swift in Sources */,
				3B8274D424D51A6B000E1617 /* QuoteDetailsViewController.swift in Sources */,
				18B2E63524C8AB5B002A9CCE /* PageFourViewController.swift in Sources */,
				18B2E62324C89AA5002A9CCE /* AppStoryboards.swift in Sources */,
				18F6AA6724CC079B005F3855 /* SettingsViewController.swift in Sources */,
				3BF05BD324C9634600E16081 /* UIViewControllerExtension.swift in Sources */,
				3BF05BE224C96AEC00E16081 /* GCDUtils.swift in Sources */,
				3BF05BF824C9936400E16081 /* AuthApiManager.swift in Sources */,
				1888973F24C7281C000DFAB3 /* SceneDelegate.swift in Sources */,
				3BF05BC624C9634600E16081 /* UIImageExtension.swift in Sources */,
				1826254424CDB94200DF7A4B /* JobsModel.swift in Sources */,
				3BF05BCC24C9634600E16081 /* UILabelExtension.swift in Sources */,
				3B8274D824D51A90000E1617 /* BusinessProfileViewController.swift in Sources */,
				18B2E63124C8AB46002A9CCE /* PageTwoViewController.swift in Sources */,
				18B2E62F24C8AB38002A9CCE /* PageOneViewController.swift in Sources */,
				3B04BB2E24CB4D4C00C61E50 /* GradientExtension.swift in Sources */,
				1826253224CCA82900DF7A4B /* GetPlacesViewController.swift in Sources */,
				3BF05BCB24C9634600E16081 /* StringExtension.swift in Sources */,
				3B14A58924CC053700FC235D /* OtpViewController.swift in Sources */,
				3B14A58C24CC113500FC235D /* TabBarViewController.swift in Sources */,
				3BF05BE324C96AEC00E16081 /* Config.swift in Sources */,
				1826253F24CD481100DF7A4B /* AuditServiceViewController.swift in Sources */,
				3BF05BCE24C9634600E16081 /* UIButtonExtension.swift in Sources */,
				3BF05BF524C9920D00E16081 /* AuthViewModel.swift in Sources */,
				3BF05BC724C9634600E16081 /* UIPageViewControllerExtension.swift in Sources */,
				3B8274D624D51A77000E1617 /* ChatViewController.swift in Sources */,
				18F6AA5624CA0E63005F3855 /* ContactInfoViewController.swift in Sources */,
				1888977C24C72919000DFAB3 /* GetStartedViewController.swift in Sources */,
				1826253924CD362A00DF7A4B /* AccountServiceViewController.swift in Sources */,
				1818C1BD24D54B28009808CE /* CancelJobsListViewController.swift in Sources */,
				1857C7B724D2927200E1DDAD /* JobsTableViewCell.swift in Sources */,
				1826254124CD4B0100DF7A4B /* LegalAdviceServiceViewController.swift in Sources */,
				18B2E63324C8AB50002A9CCE /* PageThreeViewController.swift in Sources */,
			);
			runOnlyForDeploymentPostprocessing = 0;
		};
		1888974B24C72820000DFAB3 /* Sources */ = {
			isa = PBXSourcesBuildPhase;
			buildActionMask = 2147483647;
			files = (
				1888975424C72820000DFAB3 /* MyTaxman_CustomerTests.swift in Sources */,
			);
			runOnlyForDeploymentPostprocessing = 0;
		};
		1888975624C72820000DFAB3 /* Sources */ = {
			isa = PBXSourcesBuildPhase;
			buildActionMask = 2147483647;
			files = (
				1888975F24C72820000DFAB3 /* MyTaxman_CustomerUITests.swift in Sources */,
			);
			runOnlyForDeploymentPostprocessing = 0;
		};
/* End PBXSourcesBuildPhase section */

/* Begin PBXTargetDependency section */
		1888975124C72820000DFAB3 /* PBXTargetDependency */ = {
			isa = PBXTargetDependency;
			target = 1888973824C7281C000DFAB3 /* MyTaxman_Customer */;
			targetProxy = 1888975024C72820000DFAB3 /* PBXContainerItemProxy */;
		};
		1888975C24C72820000DFAB3 /* PBXTargetDependency */ = {
			isa = PBXTargetDependency;
			target = 1888973824C7281C000DFAB3 /* MyTaxman_Customer */;
			targetProxy = 1888975B24C72820000DFAB3 /* PBXContainerItemProxy */;
		};
/* End PBXTargetDependency section */

/* Begin PBXVariantGroup section */
		1888974724C7281F000DFAB3 /* LaunchScreen.storyboard */ = {
			isa = PBXVariantGroup;
			children = (
				1888974824C7281F000DFAB3 /* Base */,
			);
			name = LaunchScreen.storyboard;
			sourceTree = "<group>";
		};
/* End PBXVariantGroup section */

/* Begin XCBuildConfiguration section */
		1888976124C72820000DFAB3 /* Debug */ = {
			isa = XCBuildConfiguration;
			buildSettings = {
				ALWAYS_SEARCH_USER_PATHS = NO;
				CLANG_ANALYZER_NONNULL = YES;
				CLANG_ANALYZER_NUMBER_OBJECT_CONVERSION = YES_AGGRESSIVE;
				CLANG_CXX_LANGUAGE_STANDARD = "gnu++14";
				CLANG_CXX_LIBRARY = "libc++";
				CLANG_ENABLE_MODULES = YES;
				CLANG_ENABLE_OBJC_ARC = YES;
				CLANG_ENABLE_OBJC_WEAK = YES;
				CLANG_WARN_BLOCK_CAPTURE_AUTORELEASING = YES;
				CLANG_WARN_BOOL_CONVERSION = YES;
				CLANG_WARN_COMMA = YES;
				CLANG_WARN_CONSTANT_CONVERSION = YES;
				CLANG_WARN_DEPRECATED_OBJC_IMPLEMENTATIONS = YES;
				CLANG_WARN_DIRECT_OBJC_ISA_USAGE = YES_ERROR;
				CLANG_WARN_DOCUMENTATION_COMMENTS = YES;
				CLANG_WARN_EMPTY_BODY = YES;
				CLANG_WARN_ENUM_CONVERSION = YES;
				CLANG_WARN_INFINITE_RECURSION = YES;
				CLANG_WARN_INT_CONVERSION = YES;
				CLANG_WARN_NON_LITERAL_NULL_CONVERSION = YES;
				CLANG_WARN_OBJC_IMPLICIT_RETAIN_SELF = YES;
				CLANG_WARN_OBJC_LITERAL_CONVERSION = YES;
				CLANG_WARN_OBJC_ROOT_CLASS = YES_ERROR;
				CLANG_WARN_RANGE_LOOP_ANALYSIS = YES;
				CLANG_WARN_STRICT_PROTOTYPES = YES;
				CLANG_WARN_SUSPICIOUS_MOVE = YES;
				CLANG_WARN_UNGUARDED_AVAILABILITY = YES_AGGRESSIVE;
				CLANG_WARN_UNREACHABLE_CODE = YES;
				CLANG_WARN__DUPLICATE_METHOD_MATCH = YES;
				COPY_PHASE_STRIP = NO;
				DEBUG_INFORMATION_FORMAT = dwarf;
				ENABLE_STRICT_OBJC_MSGSEND = YES;
				ENABLE_TESTABILITY = YES;
				GCC_C_LANGUAGE_STANDARD = gnu11;
				GCC_DYNAMIC_NO_PIC = NO;
				GCC_NO_COMMON_BLOCKS = YES;
				GCC_OPTIMIZATION_LEVEL = 0;
				GCC_PREPROCESSOR_DEFINITIONS = (
					"DEBUG=1",
					"$(inherited)",
				);
				GCC_WARN_64_TO_32_BIT_CONVERSION = YES;
				GCC_WARN_ABOUT_RETURN_TYPE = YES_ERROR;
				GCC_WARN_UNDECLARED_SELECTOR = YES;
				GCC_WARN_UNINITIALIZED_AUTOS = YES_AGGRESSIVE;
				GCC_WARN_UNUSED_FUNCTION = YES;
				GCC_WARN_UNUSED_VARIABLE = YES;
				IPHONEOS_DEPLOYMENT_TARGET = 13.2;
				MTL_ENABLE_DEBUG_INFO = INCLUDE_SOURCE;
				MTL_FAST_MATH = YES;
				ONLY_ACTIVE_ARCH = YES;
				SDKROOT = iphoneos;
				SWIFT_ACTIVE_COMPILATION_CONDITIONS = DEBUG;
				SWIFT_OPTIMIZATION_LEVEL = "-Onone";
			};
			name = Debug;
		};
		1888976224C72820000DFAB3 /* Release */ = {
			isa = XCBuildConfiguration;
			buildSettings = {
				ALWAYS_SEARCH_USER_PATHS = NO;
				CLANG_ANALYZER_NONNULL = YES;
				CLANG_ANALYZER_NUMBER_OBJECT_CONVERSION = YES_AGGRESSIVE;
				CLANG_CXX_LANGUAGE_STANDARD = "gnu++14";
				CLANG_CXX_LIBRARY = "libc++";
				CLANG_ENABLE_MODULES = YES;
				CLANG_ENABLE_OBJC_ARC = YES;
				CLANG_ENABLE_OBJC_WEAK = YES;
				CLANG_WARN_BLOCK_CAPTURE_AUTORELEASING = YES;
				CLANG_WARN_BOOL_CONVERSION = YES;
				CLANG_WARN_COMMA = YES;
				CLANG_WARN_CONSTANT_CONVERSION = YES;
				CLANG_WARN_DEPRECATED_OBJC_IMPLEMENTATIONS = YES;
				CLANG_WARN_DIRECT_OBJC_ISA_USAGE = YES_ERROR;
				CLANG_WARN_DOCUMENTATION_COMMENTS = YES;
				CLANG_WARN_EMPTY_BODY = YES;
				CLANG_WARN_ENUM_CONVERSION = YES;
				CLANG_WARN_INFINITE_RECURSION = YES;
				CLANG_WARN_INT_CONVERSION = YES;
				CLANG_WARN_NON_LITERAL_NULL_CONVERSION = YES;
				CLANG_WARN_OBJC_IMPLICIT_RETAIN_SELF = YES;
				CLANG_WARN_OBJC_LITERAL_CONVERSION = YES;
				CLANG_WARN_OBJC_ROOT_CLASS = YES_ERROR;
				CLANG_WARN_RANGE_LOOP_ANALYSIS = YES;
				CLANG_WARN_STRICT_PROTOTYPES = YES;
				CLANG_WARN_SUSPICIOUS_MOVE = YES;
				CLANG_WARN_UNGUARDED_AVAILABILITY = YES_AGGRESSIVE;
				CLANG_WARN_UNREACHABLE_CODE = YES;
				CLANG_WARN__DUPLICATE_METHOD_MATCH = YES;
				COPY_PHASE_STRIP = NO;
				DEBUG_INFORMATION_FORMAT = "dwarf-with-dsym";
				ENABLE_NS_ASSERTIONS = NO;
				ENABLE_STRICT_OBJC_MSGSEND = YES;
				GCC_C_LANGUAGE_STANDARD = gnu11;
				GCC_NO_COMMON_BLOCKS = YES;
				GCC_WARN_64_TO_32_BIT_CONVERSION = YES;
				GCC_WARN_ABOUT_RETURN_TYPE = YES_ERROR;
				GCC_WARN_UNDECLARED_SELECTOR = YES;
				GCC_WARN_UNINITIALIZED_AUTOS = YES_AGGRESSIVE;
				GCC_WARN_UNUSED_FUNCTION = YES;
				GCC_WARN_UNUSED_VARIABLE = YES;
				IPHONEOS_DEPLOYMENT_TARGET = 13.2;
				MTL_ENABLE_DEBUG_INFO = NO;
				MTL_FAST_MATH = YES;
				SDKROOT = iphoneos;
				SWIFT_COMPILATION_MODE = wholemodule;
				SWIFT_OPTIMIZATION_LEVEL = "-O";
				VALIDATE_PRODUCT = YES;
			};
			name = Release;
		};
		1888976424C72820000DFAB3 /* Debug */ = {
			isa = XCBuildConfiguration;
			baseConfigurationReference = 204D9835D667B4F26C12E8EA /* Pods-MyTaxman_Customer.debug.xcconfig */;
			buildSettings = {
				ASSETCATALOG_COMPILER_APPICON_NAME = AppIcon;
				CODE_SIGN_STYLE = Automatic;
				DEVELOPMENT_TEAM = 9MKQJ3567U;
				INFOPLIST_FILE = MyTaxman_Customer/Info.plist;
				IPHONEOS_DEPLOYMENT_TARGET = 11.0;
				LD_RUNPATH_SEARCH_PATHS = (
					"$(inherited)",
					"@executable_path/Frameworks",
				);
				PRODUCT_BUNDLE_IDENTIFIER = com.kuya.chat;
				PRODUCT_NAME = "$(TARGET_NAME)";
				SWIFT_VERSION = 5.0;
				TARGETED_DEVICE_FAMILY = 1;
			};
			name = Debug;
		};
		1888976524C72820000DFAB3 /* Release */ = {
			isa = XCBuildConfiguration;
			baseConfigurationReference = 5EB8A480B1904D8FE5D8DEB4 /* Pods-MyTaxman_Customer.release.xcconfig */;
			buildSettings = {
				ASSETCATALOG_COMPILER_APPICON_NAME = AppIcon;
				CODE_SIGN_STYLE = Automatic;
				DEVELOPMENT_TEAM = 9MKQJ3567U;
				INFOPLIST_FILE = MyTaxman_Customer/Info.plist;
				IPHONEOS_DEPLOYMENT_TARGET = 11.0;
				LD_RUNPATH_SEARCH_PATHS = (
					"$(inherited)",
					"@executable_path/Frameworks",
				);
				PRODUCT_BUNDLE_IDENTIFIER = com.kuya.chat;
				PRODUCT_NAME = "$(TARGET_NAME)";
				SWIFT_VERSION = 5.0;
				TARGETED_DEVICE_FAMILY = 1;
			};
			name = Release;
		};
		1888976724C72820000DFAB3 /* Debug */ = {
			isa = XCBuildConfiguration;
			baseConfigurationReference = 48619F62146DF708E2A60C90 /* Pods-MyTaxman_CustomerTests.debug.xcconfig */;
			buildSettings = {
				ALWAYS_EMBED_SWIFT_STANDARD_LIBRARIES = YES;
				BUNDLE_LOADER = "$(TEST_HOST)";
				CODE_SIGN_STYLE = Automatic;
				INFOPLIST_FILE = MyTaxman_CustomerTests/Info.plist;
				IPHONEOS_DEPLOYMENT_TARGET = 13.2;
				LD_RUNPATH_SEARCH_PATHS = (
					"$(inherited)",
					"@executable_path/Frameworks",
					"@loader_path/Frameworks",
				);
				PRODUCT_BUNDLE_IDENTIFIER = "com.sunrise.MyTaxman-CustomerTests";
				PRODUCT_NAME = "$(TARGET_NAME)";
				SWIFT_VERSION = 5.0;
				TARGETED_DEVICE_FAMILY = "1,2";
				TEST_HOST = "$(BUILT_PRODUCTS_DIR)/MyTaxman_Customer.app/MyTaxman_Customer";
			};
			name = Debug;
		};
		1888976824C72820000DFAB3 /* Release */ = {
			isa = XCBuildConfiguration;
			baseConfigurationReference = 7F208C929F9C720E52D1A3B0 /* Pods-MyTaxman_CustomerTests.release.xcconfig */;
			buildSettings = {
				ALWAYS_EMBED_SWIFT_STANDARD_LIBRARIES = YES;
				BUNDLE_LOADER = "$(TEST_HOST)";
				CODE_SIGN_STYLE = Automatic;
				INFOPLIST_FILE = MyTaxman_CustomerTests/Info.plist;
				IPHONEOS_DEPLOYMENT_TARGET = 13.2;
				LD_RUNPATH_SEARCH_PATHS = (
					"$(inherited)",
					"@executable_path/Frameworks",
					"@loader_path/Frameworks",
				);
				PRODUCT_BUNDLE_IDENTIFIER = "com.sunrise.MyTaxman-CustomerTests";
				PRODUCT_NAME = "$(TARGET_NAME)";
				SWIFT_VERSION = 5.0;
				TARGETED_DEVICE_FAMILY = "1,2";
				TEST_HOST = "$(BUILT_PRODUCTS_DIR)/MyTaxman_Customer.app/MyTaxman_Customer";
			};
			name = Release;
		};
		1888976A24C72820000DFAB3 /* Debug */ = {
			isa = XCBuildConfiguration;
			baseConfigurationReference = F21AB7BF2E21E2F4C5D61722 /* Pods-MyTaxman_Customer-MyTaxman_CustomerUITests.debug.xcconfig */;
			buildSettings = {
				ALWAYS_EMBED_SWIFT_STANDARD_LIBRARIES = YES;
				CODE_SIGN_STYLE = Automatic;
				INFOPLIST_FILE = MyTaxman_CustomerUITests/Info.plist;
				LD_RUNPATH_SEARCH_PATHS = (
					"$(inherited)",
					"@executable_path/Frameworks",
					"@loader_path/Frameworks",
				);
				PRODUCT_BUNDLE_IDENTIFIER = "com.sunrise.MyTaxman-CustomerUITests";
				PRODUCT_NAME = "$(TARGET_NAME)";
				SWIFT_VERSION = 5.0;
				TARGETED_DEVICE_FAMILY = "1,2";
				TEST_TARGET_NAME = MyTaxman_Customer;
			};
			name = Debug;
		};
		1888976B24C72820000DFAB3 /* Release */ = {
			isa = XCBuildConfiguration;
			baseConfigurationReference = 6839CD77AF4D3E5FF2B00B6B /* Pods-MyTaxman_Customer-MyTaxman_CustomerUITests.release.xcconfig */;
			buildSettings = {
				ALWAYS_EMBED_SWIFT_STANDARD_LIBRARIES = YES;
				CODE_SIGN_STYLE = Automatic;
				INFOPLIST_FILE = MyTaxman_CustomerUITests/Info.plist;
				LD_RUNPATH_SEARCH_PATHS = (
					"$(inherited)",
					"@executable_path/Frameworks",
					"@loader_path/Frameworks",
				);
				PRODUCT_BUNDLE_IDENTIFIER = "com.sunrise.MyTaxman-CustomerUITests";
				PRODUCT_NAME = "$(TARGET_NAME)";
				SWIFT_VERSION = 5.0;
				TARGETED_DEVICE_FAMILY = "1,2";
				TEST_TARGET_NAME = MyTaxman_Customer;
			};
			name = Release;
		};
/* End XCBuildConfiguration section */

/* Begin XCConfigurationList section */
		1888973424C7281C000DFAB3 /* Build configuration list for PBXProject "MyTaxman_Customer" */ = {
			isa = XCConfigurationList;
			buildConfigurations = (
				1888976124C72820000DFAB3 /* Debug */,
				1888976224C72820000DFAB3 /* Release */,
			);
			defaultConfigurationIsVisible = 0;
			defaultConfigurationName = Release;
		};
		1888976324C72820000DFAB3 /* Build configuration list for PBXNativeTarget "MyTaxman_Customer" */ = {
			isa = XCConfigurationList;
			buildConfigurations = (
				1888976424C72820000DFAB3 /* Debug */,
				1888976524C72820000DFAB3 /* Release */,
			);
			defaultConfigurationIsVisible = 0;
			defaultConfigurationName = Release;
		};
		1888976624C72820000DFAB3 /* Build configuration list for PBXNativeTarget "MyTaxman_CustomerTests" */ = {
			isa = XCConfigurationList;
			buildConfigurations = (
				1888976724C72820000DFAB3 /* Debug */,
				1888976824C72820000DFAB3 /* Release */,
			);
			defaultConfigurationIsVisible = 0;
			defaultConfigurationName = Release;
		};
		1888976924C72820000DFAB3 /* Build configuration list for PBXNativeTarget "MyTaxman_CustomerUITests" */ = {
			isa = XCConfigurationList;
			buildConfigurations = (
				1888976A24C72820000DFAB3 /* Debug */,
				1888976B24C72820000DFAB3 /* Release */,
			);
			defaultConfigurationIsVisible = 0;
			defaultConfigurationName = Release;
		};
/* End XCConfigurationList section */
	};
	rootObject = 1888973124C7281C000DFAB3 /* Project object */;
}
