// !$*UTF8*$!
{
	archiveVersion = 1;
	classes = {
	};
	objectVersion = 50;
	objects = {

/* Begin PBXBuildFile section */
		1888973D24C7281C000DFAB3 /* AppDelegate.swift in Sources */ = {isa = PBXBuildFile; fileRef = 1888973C24C7281C000DFAB3 /* AppDelegate.swift */; };
		1888973F24C7281C000DFAB3 /* SceneDelegate.swift in Sources */ = {isa = PBXBuildFile; fileRef = 1888973E24C7281C000DFAB3 /* SceneDelegate.swift */; };
		1888974624C7281F000DFAB3 /* Assets.xcassets in Resources */ = {isa = PBXBuildFile; fileRef = 1888974524C7281F000DFAB3 /* Assets.xcassets */; };
		1888974924C7281F000DFAB3 /* LaunchScreen.storyboard in Resources */ = {isa = PBXBuildFile; fileRef = 1888974724C7281F000DFAB3 /* LaunchScreen.storyboard */; };
		1888975424C72820000DFAB3 /* MyTaxman_CustomerTests.swift in Sources */ = {isa = PBXBuildFile; fileRef = 1888975324C72820000DFAB3 /* MyTaxman_CustomerTests.swift */; };
		1888975F24C72820000DFAB3 /* MyTaxman_CustomerUITests.swift in Sources */ = {isa = PBXBuildFile; fileRef = 1888975E24C72820000DFAB3 /* MyTaxman_CustomerUITests.swift */; };
		1888977624C728AD000DFAB3 /* Auth.storyboard in Resources */ = {isa = PBXBuildFile; fileRef = 1888977524C728AD000DFAB3 /* Auth.storyboard */; };
		1888977824C728C1000DFAB3 /* LoginViewController.swift in Sources */ = {isa = PBXBuildFile; fileRef = 1888977724C728C1000DFAB3 /* LoginViewController.swift */; };
		1888977A24C728CC000DFAB3 /* RegisterViewController.swift in Sources */ = {isa = PBXBuildFile; fileRef = 1888977924C728CC000DFAB3 /* RegisterViewController.swift */; };
		1888977C24C72919000DFAB3 /* GetStartedViewController.swift in Sources */ = {isa = PBXBuildFile; fileRef = 1888977B24C72919000DFAB3 /* GetStartedViewController.swift */; };
		1888977E24C73D6E000DFAB3 /* ForgotPasswordViewController.swift in Sources */ = {isa = PBXBuildFile; fileRef = 1888977D24C73D6E000DFAB3 /* ForgotPasswordViewController.swift */; };
		18B2E61F24C8956D002A9CCE /* Leads.storyboard in Resources */ = {isa = PBXBuildFile; fileRef = 18B2E61E24C8956D002A9CCE /* Leads.storyboard */; };
		18B2E62124C89586002A9CCE /* LeadsDashboardViewController.swift in Sources */ = {isa = PBXBuildFile; fileRef = 18B2E62024C89586002A9CCE /* LeadsDashboardViewController.swift */; };
		18B2E62324C89AA5002A9CCE /* AppStoryboards.swift in Sources */ = {isa = PBXBuildFile; fileRef = 18B2E62224C89AA5002A9CCE /* AppStoryboards.swift */; };
		18B2E62624C89B05002A9CCE /* UIViewControllerExtensions.swift in Sources */ = {isa = PBXBuildFile; fileRef = 18B2E62524C89B05002A9CCE /* UIViewControllerExtensions.swift */; };
		18B2E62C24C89D21002A9CCE /* LeadsCollectionViewCell.swift in Sources */ = {isa = PBXBuildFile; fileRef = 18B2E62A24C89D21002A9CCE /* LeadsCollectionViewCell.swift */; };
		18B2E62D24C89D21002A9CCE /* LeadsCollectionViewCell.xib in Resources */ = {isa = PBXBuildFile; fileRef = 18B2E62B24C89D21002A9CCE /* LeadsCollectionViewCell.xib */; };
		18B2E62F24C8AB38002A9CCE /* PageOneViewController.swift in Sources */ = {isa = PBXBuildFile; fileRef = 18B2E62E24C8AB38002A9CCE /* PageOneViewController.swift */; };
		18B2E63124C8AB46002A9CCE /* PageTwoViewController.swift in Sources */ = {isa = PBXBuildFile; fileRef = 18B2E63024C8AB46002A9CCE /* PageTwoViewController.swift */; };
		18B2E63324C8AB50002A9CCE /* PageThreeViewController.swift in Sources */ = {isa = PBXBuildFile; fileRef = 18B2E63224C8AB50002A9CCE /* PageThreeViewController.swift */; };
		18B2E63524C8AB5B002A9CCE /* PageFourViewController.swift in Sources */ = {isa = PBXBuildFile; fileRef = 18B2E63424C8AB5B002A9CCE /* PageFourViewController.swift */; };
		18B2E63824C8AB71002A9CCE /* PageFiveViewController.swift in Sources */ = {isa = PBXBuildFile; fileRef = 18B2E63724C8AB71002A9CCE /* PageFiveViewController.swift */; };
		18B2E63B24C8ABD8002A9CCE /* LeadsManager.swift in Sources */ = {isa = PBXBuildFile; fileRef = 18B2E63A24C8ABD8002A9CCE /* LeadsManager.swift */; };
/* End PBXBuildFile section */

/* Begin PBXContainerItemProxy section */
		1888975024C72820000DFAB3 /* PBXContainerItemProxy */ = {
			isa = PBXContainerItemProxy;
			containerPortal = 1888973124C7281C000DFAB3 /* Project object */;
			proxyType = 1;
			remoteGlobalIDString = 1888973824C7281C000DFAB3;
			remoteInfo = MyTaxman_Customer;
		};
		1888975B24C72820000DFAB3 /* PBXContainerItemProxy */ = {
			isa = PBXContainerItemProxy;
			containerPortal = 1888973124C7281C000DFAB3 /* Project object */;
			proxyType = 1;
			remoteGlobalIDString = 1888973824C7281C000DFAB3;
			remoteInfo = MyTaxman_Customer;
		};
/* End PBXContainerItemProxy section */

/* Begin PBXFileReference section */
		1888973924C7281C000DFAB3 /* MyTaxman_Customer.app */ = {isa = PBXFileReference; explicitFileType = wrapper.application; includeInIndex = 0; path = MyTaxman_Customer.app; sourceTree = BUILT_PRODUCTS_DIR; };
		1888973C24C7281C000DFAB3 /* AppDelegate.swift */ = {isa = PBXFileReference; lastKnownFileType = sourcecode.swift; path = AppDelegate.swift; sourceTree = "<group>"; };
		1888973E24C7281C000DFAB3 /* SceneDelegate.swift */ = {isa = PBXFileReference; lastKnownFileType = sourcecode.swift; path = SceneDelegate.swift; sourceTree = "<group>"; };
		1888974524C7281F000DFAB3 /* Assets.xcassets */ = {isa = PBXFileReference; lastKnownFileType = folder.assetcatalog; path = Assets.xcassets; sourceTree = "<group>"; };
		1888974824C7281F000DFAB3 /* Base */ = {isa = PBXFileReference; lastKnownFileType = file.storyboard; name = Base; path = Base.lproj/LaunchScreen.storyboard; sourceTree = "<group>"; };
		1888974A24C7281F000DFAB3 /* Info.plist */ = {isa = PBXFileReference; lastKnownFileType = text.plist.xml; path = Info.plist; sourceTree = "<group>"; };
		1888974F24C72820000DFAB3 /* MyTaxman_CustomerTests.xctest */ = {isa = PBXFileReference; explicitFileType = wrapper.cfbundle; includeInIndex = 0; path = MyTaxman_CustomerTests.xctest; sourceTree = BUILT_PRODUCTS_DIR; };
		1888975324C72820000DFAB3 /* MyTaxman_CustomerTests.swift */ = {isa = PBXFileReference; lastKnownFileType = sourcecode.swift; path = MyTaxman_CustomerTests.swift; sourceTree = "<group>"; };
		1888975524C72820000DFAB3 /* Info.plist */ = {isa = PBXFileReference; lastKnownFileType = text.plist.xml; path = Info.plist; sourceTree = "<group>"; };
		1888975A24C72820000DFAB3 /* MyTaxman_CustomerUITests.xctest */ = {isa = PBXFileReference; explicitFileType = wrapper.cfbundle; includeInIndex = 0; path = MyTaxman_CustomerUITests.xctest; sourceTree = BUILT_PRODUCTS_DIR; };
		1888975E24C72820000DFAB3 /* MyTaxman_CustomerUITests.swift */ = {isa = PBXFileReference; lastKnownFileType = sourcecode.swift; path = MyTaxman_CustomerUITests.swift; sourceTree = "<group>"; };
		1888976024C72820000DFAB3 /* Info.plist */ = {isa = PBXFileReference; lastKnownFileType = text.plist.xml; path = Info.plist; sourceTree = "<group>"; };
		1888977524C728AD000DFAB3 /* Auth.storyboard */ = {isa = PBXFileReference; lastKnownFileType = file.storyboard; path = Auth.storyboard; sourceTree = "<group>"; };
		1888977724C728C1000DFAB3 /* LoginViewController.swift */ = {isa = PBXFileReference; lastKnownFileType = sourcecode.swift; path = LoginViewController.swift; sourceTree = "<group>"; };
		1888977924C728CC000DFAB3 /* RegisterViewController.swift */ = {isa = PBXFileReference; lastKnownFileType = sourcecode.swift; path = RegisterViewController.swift; sourceTree = "<group>"; };
		1888977B24C72919000DFAB3 /* GetStartedViewController.swift */ = {isa = PBXFileReference; lastKnownFileType = sourcecode.swift; path = GetStartedViewController.swift; sourceTree = "<group>"; };
		1888977D24C73D6E000DFAB3 /* ForgotPasswordViewController.swift */ = {isa = PBXFileReference; lastKnownFileType = sourcecode.swift; path = ForgotPasswordViewController.swift; sourceTree = "<group>"; };
		1888977F24C74CF6000DFAB3 /* Comfortaa-Light.ttf */ = {isa = PBXFileReference; lastKnownFileType = file; path = "Comfortaa-Light.ttf"; sourceTree = "<group>"; };
		1888978024C74CF6000DFAB3 /* Comfortaa-Bold.ttf */ = {isa = PBXFileReference; lastKnownFileType = file; path = "Comfortaa-Bold.ttf"; sourceTree = "<group>"; };
		1888978124C74CF6000DFAB3 /* Comfortaa-Regular.ttf */ = {isa = PBXFileReference; lastKnownFileType = file; path = "Comfortaa-Regular.ttf"; sourceTree = "<group>"; };
		18B2E61E24C8956D002A9CCE /* Leads.storyboard */ = {isa = PBXFileReference; lastKnownFileType = file.storyboard; path = Leads.storyboard; sourceTree = "<group>"; };
		18B2E62024C89586002A9CCE /* LeadsDashboardViewController.swift */ = {isa = PBXFileReference; lastKnownFileType = sourcecode.swift; path = LeadsDashboardViewController.swift; sourceTree = "<group>"; };
		18B2E62224C89AA5002A9CCE /* AppStoryboards.swift */ = {isa = PBXFileReference; lastKnownFileType = sourcecode.swift; path = AppStoryboards.swift; sourceTree = "<group>"; };
		18B2E62524C89B05002A9CCE /* UIViewControllerExtensions.swift */ = {isa = PBXFileReference; lastKnownFileType = sourcecode.swift; path = UIViewControllerExtensions.swift; sourceTree = "<group>"; };
		18B2E62A24C89D21002A9CCE /* LeadsCollectionViewCell.swift */ = {isa = PBXFileReference; lastKnownFileType = sourcecode.swift; path = LeadsCollectionViewCell.swift; sourceTree = "<group>"; };
		18B2E62B24C89D21002A9CCE /* LeadsCollectionViewCell.xib */ = {isa = PBXFileReference; lastKnownFileType = file.xib; path = LeadsCollectionViewCell.xib; sourceTree = "<group>"; };
		18B2E62E24C8AB38002A9CCE /* PageOneViewController.swift */ = {isa = PBXFileReference; lastKnownFileType = sourcecode.swift; path = PageOneViewController.swift; sourceTree = "<group>"; };
		18B2E63024C8AB46002A9CCE /* PageTwoViewController.swift */ = {isa = PBXFileReference; lastKnownFileType = sourcecode.swift; path = PageTwoViewController.swift; sourceTree = "<group>"; };
		18B2E63224C8AB50002A9CCE /* PageThreeViewController.swift */ = {isa = PBXFileReference; lastKnownFileType = sourcecode.swift; path = PageThreeViewController.swift; sourceTree = "<group>"; };
		18B2E63424C8AB5B002A9CCE /* PageFourViewController.swift */ = {isa = PBXFileReference; lastKnownFileType = sourcecode.swift; path = PageFourViewController.swift; sourceTree = "<group>"; };
		18B2E63724C8AB71002A9CCE /* PageFiveViewController.swift */ = {isa = PBXFileReference; lastKnownFileType = sourcecode.swift; path = PageFiveViewController.swift; sourceTree = "<group>"; };
		18B2E63A24C8ABD8002A9CCE /* LeadsManager.swift */ = {isa = PBXFileReference; lastKnownFileType = sourcecode.swift; path = LeadsManager.swift; sourceTree = "<group>"; };
/* End PBXFileReference section */

/* Begin PBXFrameworksBuildPhase section */
		1888973624C7281C000DFAB3 /* Frameworks */ = {
			isa = PBXFrameworksBuildPhase;
			buildActionMask = 2147483647;
			files = (
			);
			runOnlyForDeploymentPostprocessing = 0;
		};
		1888974C24C72820000DFAB3 /* Frameworks */ = {
			isa = PBXFrameworksBuildPhase;
			buildActionMask = 2147483647;
			files = (
			);
			runOnlyForDeploymentPostprocessing = 0;
		};
		1888975724C72820000DFAB3 /* Frameworks */ = {
			isa = PBXFrameworksBuildPhase;
			buildActionMask = 2147483647;
			files = (
			);
			runOnlyForDeploymentPostprocessing = 0;
		};
/* End PBXFrameworksBuildPhase section */

/* Begin PBXGroup section */
		1888973024C7281C000DFAB3 = {
			isa = PBXGroup;
			children = (
				1888973B24C7281C000DFAB3 /* MyTaxman_Customer */,
				1888975224C72820000DFAB3 /* MyTaxman_CustomerTests */,
				1888975D24C72820000DFAB3 /* MyTaxman_CustomerUITests */,
				1888973A24C7281C000DFAB3 /* Products */,
			);
			sourceTree = "<group>";
		};
		1888973A24C7281C000DFAB3 /* Products */ = {
			isa = PBXGroup;
			children = (
				1888973924C7281C000DFAB3 /* MyTaxman_Customer.app */,
				1888974F24C72820000DFAB3 /* MyTaxman_CustomerTests.xctest */,
				1888975A24C72820000DFAB3 /* MyTaxman_CustomerUITests.xctest */,
			);
			name = Products;
			sourceTree = "<group>";
		};
		1888973B24C7281C000DFAB3 /* MyTaxman_Customer */ = {
			isa = PBXGroup;
			children = (
				18B2E62424C89ADF002A9CCE /* Extensions */,
				1888977324C7286C000DFAB3 /* Libararies */,
				1888977224C72866000DFAB3 /* Utitlities */,
				1888977124C72860000DFAB3 /* ApiManagers */,
				1888977024C7285A000DFAB3 /* ViewModels */,
				1888976F24C72855000DFAB3 /* Views */,
				1888976E24C7284A000DFAB3 /* Models */,
				1888976D24C7283B000DFAB3 /* ViewControllers */,
				1888976C24C72830000DFAB3 /* Storyboards */,
				1888973C24C7281C000DFAB3 /* AppDelegate.swift */,
				1888973E24C7281C000DFAB3 /* SceneDelegate.swift */,
				1888974524C7281F000DFAB3 /* Assets.xcassets */,
				1888974724C7281F000DFAB3 /* LaunchScreen.storyboard */,
				1888974A24C7281F000DFAB3 /* Info.plist */,
			);
			path = MyTaxman_Customer;
			sourceTree = "<group>";
		};
		1888975224C72820000DFAB3 /* MyTaxman_CustomerTests */ = {
			isa = PBXGroup;
			children = (
				1888975324C72820000DFAB3 /* MyTaxman_CustomerTests.swift */,
				1888975524C72820000DFAB3 /* Info.plist */,
			);
			path = MyTaxman_CustomerTests;
			sourceTree = "<group>";
		};
		1888975D24C72820000DFAB3 /* MyTaxman_CustomerUITests */ = {
			isa = PBXGroup;
			children = (
				1888975E24C72820000DFAB3 /* MyTaxman_CustomerUITests.swift */,
				1888976024C72820000DFAB3 /* Info.plist */,
			);
			path = MyTaxman_CustomerUITests;
			sourceTree = "<group>";
		};
		1888976C24C72830000DFAB3 /* Storyboards */ = {
			isa = PBXGroup;
			children = (
				1888977524C728AD000DFAB3 /* Auth.storyboard */,
				18B2E61E24C8956D002A9CCE /* Leads.storyboard */,
			);
			path = Storyboards;
			sourceTree = "<group>";
		};
		1888976D24C7283B000DFAB3 /* ViewControllers */ = {
			isa = PBXGroup;
			children = (
				18B2E61D24C892CB002A9CCE /* Leads */,
				18B2E61C24C892A2002A9CCE /* Auth */,
			);
			path = ViewControllers;
			sourceTree = "<group>";
		};
		1888976E24C7284A000DFAB3 /* Models */ = {
			isa = PBXGroup;
			children = (
			);
			path = Models;
			sourceTree = "<group>";
		};
		1888976F24C72855000DFAB3 /* Views */ = {
			isa = PBXGroup;
			children = (
				18B2E62924C89D07002A9CCE /* UIViews */,
				18B2E62824C89CFF002A9CCE /* TableViewCells */,
				18B2E62724C89CF4002A9CCE /* CollectionViewCells */,
			);
			path = Views;
			sourceTree = "<group>";
		};
		1888977024C7285A000DFAB3 /* ViewModels */ = {
			isa = PBXGroup;
			children = (
				18B2E63924C8ABC5002A9CCE /* LeadsManager */,
			);
			path = ViewModels;
			sourceTree = "<group>";
		};
		1888977124C72860000DFAB3 /* ApiManagers */ = {
			isa = PBXGroup;
			children = (
			);
			path = ApiManagers;
			sourceTree = "<group>";
		};
		1888977224C72866000DFAB3 /* Utitlities */ = {
			isa = PBXGroup;
			children = (
				1888977424C72877000DFAB3 /* Font */,
				18B2E62224C89AA5002A9CCE /* AppStoryboards.swift */,
			);
			path = Utitlities;
			sourceTree = "<group>";
		};
		1888977324C7286C000DFAB3 /* Libararies */ = {
			isa = PBXGroup;
			children = (
			);
			path = Libararies;
			sourceTree = "<group>";
		};
		1888977424C72877000DFAB3 /* Font */ = {
			isa = PBXGroup;
			children = (
				1888978024C74CF6000DFAB3 /* Comfortaa-Bold.ttf */,
				1888977F24C74CF6000DFAB3 /* Comfortaa-Light.ttf */,
				1888978124C74CF6000DFAB3 /* Comfortaa-Regular.ttf */,
			);
			path = Font;
			sourceTree = "<group>";
		};
		18B2E61C24C892A2002A9CCE /* Auth */ = {
			isa = PBXGroup;
			children = (
				1888977D24C73D6E000DFAB3 /* ForgotPasswordViewController.swift */,
				1888977724C728C1000DFAB3 /* LoginViewController.swift */,
				1888977924C728CC000DFAB3 /* RegisterViewController.swift */,
				1888977B24C72919000DFAB3 /* GetStartedViewController.swift */,
			);
			path = Auth;
			sourceTree = "<group>";
		};
		18B2E61D24C892CB002A9CCE /* Leads */ = {
			isa = PBXGroup;
			children = (
				18B2E62024C89586002A9CCE /* LeadsDashboardViewController.swift */,
				18B2E62E24C8AB38002A9CCE /* PageOneViewController.swift */,
				18B2E63024C8AB46002A9CCE /* PageTwoViewController.swift */,
				18B2E63224C8AB50002A9CCE /* PageThreeViewController.swift */,
				18B2E63424C8AB5B002A9CCE /* PageFourViewController.swift */,
				18B2E63724C8AB71002A9CCE /* PageFiveViewController.swift */,
			);
			path = Leads;
			sourceTree = "<group>";
		};
		18B2E62424C89ADF002A9CCE /* Extensions */ = {
			isa = PBXGroup;
			children = (
				18B2E62524C89B05002A9CCE /* UIViewControllerExtensions.swift */,
			);
			path = Extensions;
			sourceTree = "<group>";
		};
		18B2E62724C89CF4002A9CCE /* CollectionViewCells */ = {
			isa = PBXGroup;
			children = (
				18B2E62A24C89D21002A9CCE /* LeadsCollectionViewCell.swift */,
				18B2E62B24C89D21002A9CCE /* LeadsCollectionViewCell.xib */,
			);
			path = CollectionViewCells;
			sourceTree = "<group>";
		};
		18B2E62824C89CFF002A9CCE /* TableViewCells */ = {
			isa = PBXGroup;
			children = (
			);
			path = TableViewCells;
			sourceTree = "<group>";
		};
		18B2E62924C89D07002A9CCE /* UIViews */ = {
			isa = PBXGroup;
			children = (
			);
			path = UIViews;
			sourceTree = "<group>";
		};
		18B2E63924C8ABC5002A9CCE /* LeadsManager */ = {
			isa = PBXGroup;
			children = (
				18B2E63A24C8ABD8002A9CCE /* LeadsManager.swift */,
			);
			path = LeadsManager;
			sourceTree = "<group>";
		};
/* End PBXGroup section */

/* Begin PBXNativeTarget section */
		1888973824C7281C000DFAB3 /* MyTaxman_Customer */ = {
			isa = PBXNativeTarget;
			buildConfigurationList = 1888976324C72820000DFAB3 /* Build configuration list for PBXNativeTarget "MyTaxman_Customer" */;
			buildPhases = (
				1888973524C7281C000DFAB3 /* Sources */,
				1888973624C7281C000DFAB3 /* Frameworks */,
				1888973724C7281C000DFAB3 /* Resources */,
			);
			buildRules = (
			);
			dependencies = (
			);
			name = MyTaxman_Customer;
			productName = MyTaxman_Customer;
			productReference = 1888973924C7281C000DFAB3 /* MyTaxman_Customer.app */;
			productType = "com.apple.product-type.application";
		};
		1888974E24C72820000DFAB3 /* MyTaxman_CustomerTests */ = {
			isa = PBXNativeTarget;
			buildConfigurationList = 1888976624C72820000DFAB3 /* Build configuration list for PBXNativeTarget "MyTaxman_CustomerTests" */;
			buildPhases = (
				1888974B24C72820000DFAB3 /* Sources */,
				1888974C24C72820000DFAB3 /* Frameworks */,
				1888974D24C72820000DFAB3 /* Resources */,
			);
			buildRules = (
			);
			dependencies = (
				1888975124C72820000DFAB3 /* PBXTargetDependency */,
			);
			name = MyTaxman_CustomerTests;
			productName = MyTaxman_CustomerTests;
			productReference = 1888974F24C72820000DFAB3 /* MyTaxman_CustomerTests.xctest */;
			productType = "com.apple.product-type.bundle.unit-test";
		};
		1888975924C72820000DFAB3 /* MyTaxman_CustomerUITests */ = {
			isa = PBXNativeTarget;
			buildConfigurationList = 1888976924C72820000DFAB3 /* Build configuration list for PBXNativeTarget "MyTaxman_CustomerUITests" */;
			buildPhases = (
				1888975624C72820000DFAB3 /* Sources */,
				1888975724C72820000DFAB3 /* Frameworks */,
				1888975824C72820000DFAB3 /* Resources */,
			);
			buildRules = (
			);
			dependencies = (
				1888975C24C72820000DFAB3 /* PBXTargetDependency */,
			);
			name = MyTaxman_CustomerUITests;
			productName = MyTaxman_CustomerUITests;
			productReference = 1888975A24C72820000DFAB3 /* MyTaxman_CustomerUITests.xctest */;
			productType = "com.apple.product-type.bundle.ui-testing";
		};
/* End PBXNativeTarget section */

/* Begin PBXProject section */
		1888973124C7281C000DFAB3 /* Project object */ = {
			isa = PBXProject;
			attributes = {
				LastSwiftUpdateCheck = 1130;
				LastUpgradeCheck = 1130;
				ORGANIZATIONNAME = Apple;
				TargetAttributes = {
					1888973824C7281C000DFAB3 = {
						CreatedOnToolsVersion = 11.3.1;
					};
					1888974E24C72820000DFAB3 = {
						CreatedOnToolsVersion = 11.3.1;
						TestTargetID = 1888973824C7281C000DFAB3;
					};
					1888975924C72820000DFAB3 = {
						CreatedOnToolsVersion = 11.3.1;
						TestTargetID = 1888973824C7281C000DFAB3;
					};
				};
			};
			buildConfigurationList = 1888973424C7281C000DFAB3 /* Build configuration list for PBXProject "MyTaxman_Customer" */;
			compatibilityVersion = "Xcode 9.3";
			developmentRegion = en;
			hasScannedForEncodings = 0;
			knownRegions = (
				en,
				Base,
			);
			mainGroup = 1888973024C7281C000DFAB3;
			productRefGroup = 1888973A24C7281C000DFAB3 /* Products */;
			projectDirPath = "";
			projectRoot = "";
			targets = (
				1888973824C7281C000DFAB3 /* MyTaxman_Customer */,
				1888974E24C72820000DFAB3 /* MyTaxman_CustomerTests */,
				1888975924C72820000DFAB3 /* MyTaxman_CustomerUITests */,
			);
		};
/* End PBXProject section */

/* Begin PBXResourcesBuildPhase section */
		1888973724C7281C000DFAB3 /* Resources */ = {
			isa = PBXResourcesBuildPhase;
			buildActionMask = 2147483647;
			files = (
				18B2E61F24C8956D002A9CCE /* Leads.storyboard in Resources */,
				1888977624C728AD000DFAB3 /* Auth.storyboard in Resources */,
				18B2E62D24C89D21002A9CCE /* LeadsCollectionViewCell.xib in Resources */,
				1888974924C7281F000DFAB3 /* LaunchScreen.storyboard in Resources */,
				1888974624C7281F000DFAB3 /* Assets.xcassets in Resources */,
			);
			runOnlyForDeploymentPostprocessing = 0;
		};
		1888974D24C72820000DFAB3 /* Resources */ = {
			isa = PBXResourcesBuildPhase;
			buildActionMask = 2147483647;
			files = (
			);
			runOnlyForDeploymentPostprocessing = 0;
		};
		1888975824C72820000DFAB3 /* Resources */ = {
			isa = PBXResourcesBuildPhase;
			buildActionMask = 2147483647;
			files = (
			);
			runOnlyForDeploymentPostprocessing = 0;
		};
/* End PBXResourcesBuildPhase section */

/* Begin PBXSourcesBuildPhase section */
		1888973524C7281C000DFAB3 /* Sources */ = {
			isa = PBXSourcesBuildPhase;
			buildActionMask = 2147483647;
			files = (
				18B2E62124C89586002A9CCE /* LeadsDashboardViewController.swift in Sources */,
				18B2E63B24C8ABD8002A9CCE /* LeadsManager.swift in Sources */,
				1888977824C728C1000DFAB3 /* LoginViewController.swift in Sources */,
				1888973D24C7281C000DFAB3 /* AppDelegate.swift in Sources */,
				18B2E63824C8AB71002A9CCE /* PageFiveViewController.swift in Sources */,
				1888977E24C73D6E000DFAB3 /* ForgotPasswordViewController.swift in Sources */,
				18B2E62C24C89D21002A9CCE /* LeadsCollectionViewCell.swift in Sources */,
				18B2E63524C8AB5B002A9CCE /* PageFourViewController.swift in Sources */,
				18B2E62624C89B05002A9CCE /* UIViewControllerExtensions.swift in Sources */,
				18B2E62324C89AA5002A9CCE /* AppStoryboards.swift in Sources */,
				1888973F24C7281C000DFAB3 /* SceneDelegate.swift in Sources */,
				18B2E63124C8AB46002A9CCE /* PageTwoViewController.swift in Sources */,
				1888977A24C728CC000DFAB3 /* RegisterViewController.swift in Sources */,
				18B2E62F24C8AB38002A9CCE /* PageOneViewController.swift in Sources */,
				1888977C24C72919000DFAB3 /* GetStartedViewController.swift in Sources */,
				18B2E63324C8AB50002A9CCE /* PageThreeViewController.swift in Sources */,
			);
			runOnlyForDeploymentPostprocessing = 0;
		};
		1888974B24C72820000DFAB3 /* Sources */ = {
			isa = PBXSourcesBuildPhase;
			buildActionMask = 2147483647;
			files = (
				1888975424C72820000DFAB3 /* MyTaxman_CustomerTests.swift in Sources */,
			);
			runOnlyForDeploymentPostprocessing = 0;
		};
		1888975624C72820000DFAB3 /* Sources */ = {
			isa = PBXSourcesBuildPhase;
			buildActionMask = 2147483647;
			files = (
				1888975F24C72820000DFAB3 /* MyTaxman_CustomerUITests.swift in Sources */,
			);
			runOnlyForDeploymentPostprocessing = 0;
		};
/* End PBXSourcesBuildPhase section */

/* Begin PBXTargetDependency section */
		1888975124C72820000DFAB3 /* PBXTargetDependency */ = {
			isa = PBXTargetDependency;
			target = 1888973824C7281C000DFAB3 /* MyTaxman_Customer */;
			targetProxy = 1888975024C72820000DFAB3 /* PBXContainerItemProxy */;
		};
		1888975C24C72820000DFAB3 /* PBXTargetDependency */ = {
			isa = PBXTargetDependency;
			target = 1888973824C7281C000DFAB3 /* MyTaxman_Customer */;
			targetProxy = 1888975B24C72820000DFAB3 /* PBXContainerItemProxy */;
		};
/* End PBXTargetDependency section */

/* Begin PBXVariantGroup section */
		1888974724C7281F000DFAB3 /* LaunchScreen.storyboard */ = {
			isa = PBXVariantGroup;
			children = (
				1888974824C7281F000DFAB3 /* Base */,
			);
			name = LaunchScreen.storyboard;
			sourceTree = "<group>";
		};
/* End PBXVariantGroup section */

/* Begin XCBuildConfiguration section */
		1888976124C72820000DFAB3 /* Debug */ = {
			isa = XCBuildConfiguration;
			buildSettings = {
				ALWAYS_SEARCH_USER_PATHS = NO;
				CLANG_ANALYZER_NONNULL = YES;
				CLANG_ANALYZER_NUMBER_OBJECT_CONVERSION = YES_AGGRESSIVE;
				CLANG_CXX_LANGUAGE_STANDARD = "gnu++14";
				CLANG_CXX_LIBRARY = "libc++";
				CLANG_ENABLE_MODULES = YES;
				CLANG_ENABLE_OBJC_ARC = YES;
				CLANG_ENABLE_OBJC_WEAK = YES;
				CLANG_WARN_BLOCK_CAPTURE_AUTORELEASING = YES;
				CLANG_WARN_BOOL_CONVERSION = YES;
				CLANG_WARN_COMMA = YES;
				CLANG_WARN_CONSTANT_CONVERSION = YES;
				CLANG_WARN_DEPRECATED_OBJC_IMPLEMENTATIONS = YES;
				CLANG_WARN_DIRECT_OBJC_ISA_USAGE = YES_ERROR;
				CLANG_WARN_DOCUMENTATION_COMMENTS = YES;
				CLANG_WARN_EMPTY_BODY = YES;
				CLANG_WARN_ENUM_CONVERSION = YES;
				CLANG_WARN_INFINITE_RECURSION = YES;
				CLANG_WARN_INT_CONVERSION = YES;
				CLANG_WARN_NON_LITERAL_NULL_CONVERSION = YES;
				CLANG_WARN_OBJC_IMPLICIT_RETAIN_SELF = YES;
				CLANG_WARN_OBJC_LITERAL_CONVERSION = YES;
				CLANG_WARN_OBJC_ROOT_CLASS = YES_ERROR;
				CLANG_WARN_RANGE_LOOP_ANALYSIS = YES;
				CLANG_WARN_STRICT_PROTOTYPES = YES;
				CLANG_WARN_SUSPICIOUS_MOVE = YES;
				CLANG_WARN_UNGUARDED_AVAILABILITY = YES_AGGRESSIVE;
				CLANG_WARN_UNREACHABLE_CODE = YES;
				CLANG_WARN__DUPLICATE_METHOD_MATCH = YES;
				COPY_PHASE_STRIP = NO;
				DEBUG_INFORMATION_FORMAT = dwarf;
				ENABLE_STRICT_OBJC_MSGSEND = YES;
				ENABLE_TESTABILITY = YES;
				GCC_C_LANGUAGE_STANDARD = gnu11;
				GCC_DYNAMIC_NO_PIC = NO;
				GCC_NO_COMMON_BLOCKS = YES;
				GCC_OPTIMIZATION_LEVEL = 0;
				GCC_PREPROCESSOR_DEFINITIONS = (
					"DEBUG=1",
					"$(inherited)",
				);
				GCC_WARN_64_TO_32_BIT_CONVERSION = YES;
				GCC_WARN_ABOUT_RETURN_TYPE = YES_ERROR;
				GCC_WARN_UNDECLARED_SELECTOR = YES;
				GCC_WARN_UNINITIALIZED_AUTOS = YES_AGGRESSIVE;
				GCC_WARN_UNUSED_FUNCTION = YES;
				GCC_WARN_UNUSED_VARIABLE = YES;
				IPHONEOS_DEPLOYMENT_TARGET = 13.2;
				MTL_ENABLE_DEBUG_INFO = INCLUDE_SOURCE;
				MTL_FAST_MATH = YES;
				ONLY_ACTIVE_ARCH = YES;
				SDKROOT = iphoneos;
				SWIFT_ACTIVE_COMPILATION_CONDITIONS = DEBUG;
				SWIFT_OPTIMIZATION_LEVEL = "-Onone";
			};
			name = Debug;
		};
		1888976224C72820000DFAB3 /* Release */ = {
			isa = XCBuildConfiguration;
			buildSettings = {
				ALWAYS_SEARCH_USER_PATHS = NO;
				CLANG_ANALYZER_NONNULL = YES;
				CLANG_ANALYZER_NUMBER_OBJECT_CONVERSION = YES_AGGRESSIVE;
				CLANG_CXX_LANGUAGE_STANDARD = "gnu++14";
				CLANG_CXX_LIBRARY = "libc++";
				CLANG_ENABLE_MODULES = YES;
				CLANG_ENABLE_OBJC_ARC = YES;
				CLANG_ENABLE_OBJC_WEAK = YES;
				CLANG_WARN_BLOCK_CAPTURE_AUTORELEASING = YES;
				CLANG_WARN_BOOL_CONVERSION = YES;
				CLANG_WARN_COMMA = YES;
				CLANG_WARN_CONSTANT_CONVERSION = YES;
				CLANG_WARN_DEPRECATED_OBJC_IMPLEMENTATIONS = YES;
				CLANG_WARN_DIRECT_OBJC_ISA_USAGE = YES_ERROR;
				CLANG_WARN_DOCUMENTATION_COMMENTS = YES;
				CLANG_WARN_EMPTY_BODY = YES;
				CLANG_WARN_ENUM_CONVERSION = YES;
				CLANG_WARN_INFINITE_RECURSION = YES;
				CLANG_WARN_INT_CONVERSION = YES;
				CLANG_WARN_NON_LITERAL_NULL_CONVERSION = YES;
				CLANG_WARN_OBJC_IMPLICIT_RETAIN_SELF = YES;
				CLANG_WARN_OBJC_LITERAL_CONVERSION = YES;
				CLANG_WARN_OBJC_ROOT_CLASS = YES_ERROR;
				CLANG_WARN_RANGE_LOOP_ANALYSIS = YES;
				CLANG_WARN_STRICT_PROTOTYPES = YES;
				CLANG_WARN_SUSPICIOUS_MOVE = YES;
				CLANG_WARN_UNGUARDED_AVAILABILITY = YES_AGGRESSIVE;
				CLANG_WARN_UNREACHABLE_CODE = YES;
				CLANG_WARN__DUPLICATE_METHOD_MATCH = YES;
				COPY_PHASE_STRIP = NO;
				DEBUG_INFORMATION_FORMAT = "dwarf-with-dsym";
				ENABLE_NS_ASSERTIONS = NO;
				ENABLE_STRICT_OBJC_MSGSEND = YES;
				GCC_C_LANGUAGE_STANDARD = gnu11;
				GCC_NO_COMMON_BLOCKS = YES;
				GCC_WARN_64_TO_32_BIT_CONVERSION = YES;
				GCC_WARN_ABOUT_RETURN_TYPE = YES_ERROR;
				GCC_WARN_UNDECLARED_SELECTOR = YES;
				GCC_WARN_UNINITIALIZED_AUTOS = YES_AGGRESSIVE;
				GCC_WARN_UNUSED_FUNCTION = YES;
				GCC_WARN_UNUSED_VARIABLE = YES;
				IPHONEOS_DEPLOYMENT_TARGET = 13.2;
				MTL_ENABLE_DEBUG_INFO = NO;
				MTL_FAST_MATH = YES;
				SDKROOT = iphoneos;
				SWIFT_COMPILATION_MODE = wholemodule;
				SWIFT_OPTIMIZATION_LEVEL = "-O";
				VALIDATE_PRODUCT = YES;
			};
			name = Release;
		};
		1888976424C72820000DFAB3 /* Debug */ = {
			isa = XCBuildConfiguration;
			buildSettings = {
				ASSETCATALOG_COMPILER_APPICON_NAME = AppIcon;
				CODE_SIGN_STYLE = Automatic;
				INFOPLIST_FILE = MyTaxman_Customer/Info.plist;
				IPHONEOS_DEPLOYMENT_TARGET = 11.0;
				LD_RUNPATH_SEARCH_PATHS = (
					"$(inherited)",
					"@executable_path/Frameworks",
				);
				PRODUCT_BUNDLE_IDENTIFIER = "com.sunrise.MyTaxman-Customer";
				PRODUCT_NAME = "$(TARGET_NAME)";
				SWIFT_VERSION = 5.0;
				TARGETED_DEVICE_FAMILY = 1;
			};
			name = Debug;
		};
		1888976524C72820000DFAB3 /* Release */ = {
			isa = XCBuildConfiguration;
			buildSettings = {
				ASSETCATALOG_COMPILER_APPICON_NAME = AppIcon;
				CODE_SIGN_STYLE = Automatic;
				INFOPLIST_FILE = MyTaxman_Customer/Info.plist;
				IPHONEOS_DEPLOYMENT_TARGET = 11.0;
				LD_RUNPATH_SEARCH_PATHS = (
					"$(inherited)",
					"@executable_path/Frameworks",
				);
				PRODUCT_BUNDLE_IDENTIFIER = "com.sunrise.MyTaxman-Customer";
				PRODUCT_NAME = "$(TARGET_NAME)";
				SWIFT_VERSION = 5.0;
				TARGETED_DEVICE_FAMILY = 1;
			};
			name = Release;
		};
		1888976724C72820000DFAB3 /* Debug */ = {
			isa = XCBuildConfiguration;
			buildSettings = {
				ALWAYS_EMBED_SWIFT_STANDARD_LIBRARIES = YES;
				BUNDLE_LOADER = "$(TEST_HOST)";
				CODE_SIGN_STYLE = Automatic;
				INFOPLIST_FILE = MyTaxman_CustomerTests/Info.plist;
				IPHONEOS_DEPLOYMENT_TARGET = 13.2;
				LD_RUNPATH_SEARCH_PATHS = (
					"$(inherited)",
					"@executable_path/Frameworks",
					"@loader_path/Frameworks",
				);
				PRODUCT_BUNDLE_IDENTIFIER = "com.sunrise.MyTaxman-CustomerTests";
				PRODUCT_NAME = "$(TARGET_NAME)";
				SWIFT_VERSION = 5.0;
				TARGETED_DEVICE_FAMILY = "1,2";
				TEST_HOST = "$(BUILT_PRODUCTS_DIR)/MyTaxman_Customer.app/MyTaxman_Customer";
			};
			name = Debug;
		};
		1888976824C72820000DFAB3 /* Release */ = {
			isa = XCBuildConfiguration;
			buildSettings = {
				ALWAYS_EMBED_SWIFT_STANDARD_LIBRARIES = YES;
				BUNDLE_LOADER = "$(TEST_HOST)";
				CODE_SIGN_STYLE = Automatic;
				INFOPLIST_FILE = MyTaxman_CustomerTests/Info.plist;
				IPHONEOS_DEPLOYMENT_TARGET = 13.2;
				LD_RUNPATH_SEARCH_PATHS = (
					"$(inherited)",
					"@executable_path/Frameworks",
					"@loader_path/Frameworks",
				);
				PRODUCT_BUNDLE_IDENTIFIER = "com.sunrise.MyTaxman-CustomerTests";
				PRODUCT_NAME = "$(TARGET_NAME)";
				SWIFT_VERSION = 5.0;
				TARGETED_DEVICE_FAMILY = "1,2";
				TEST_HOST = "$(BUILT_PRODUCTS_DIR)/MyTaxman_Customer.app/MyTaxman_Customer";
			};
			name = Release;
		};
		1888976A24C72820000DFAB3 /* Debug */ = {
			isa = XCBuildConfiguration;
			buildSettings = {
				ALWAYS_EMBED_SWIFT_STANDARD_LIBRARIES = YES;
				CODE_SIGN_STYLE = Automatic;
				INFOPLIST_FILE = MyTaxman_CustomerUITests/Info.plist;
				LD_RUNPATH_SEARCH_PATHS = (
					"$(inherited)",
					"@executable_path/Frameworks",
					"@loader_path/Frameworks",
				);
				PRODUCT_BUNDLE_IDENTIFIER = "com.sunrise.MyTaxman-CustomerUITests";
				PRODUCT_NAME = "$(TARGET_NAME)";
				SWIFT_VERSION = 5.0;
				TARGETED_DEVICE_FAMILY = "1,2";
				TEST_TARGET_NAME = MyTaxman_Customer;
			};
			name = Debug;
		};
		1888976B24C72820000DFAB3 /* Release */ = {
			isa = XCBuildConfiguration;
			buildSettings = {
				ALWAYS_EMBED_SWIFT_STANDARD_LIBRARIES = YES;
				CODE_SIGN_STYLE = Automatic;
				INFOPLIST_FILE = MyTaxman_CustomerUITests/Info.plist;
				LD_RUNPATH_SEARCH_PATHS = (
					"$(inherited)",
					"@executable_path/Frameworks",
					"@loader_path/Frameworks",
				);
				PRODUCT_BUNDLE_IDENTIFIER = "com.sunrise.MyTaxman-CustomerUITests";
				PRODUCT_NAME = "$(TARGET_NAME)";
				SWIFT_VERSION = 5.0;
				TARGETED_DEVICE_FAMILY = "1,2";
				TEST_TARGET_NAME = MyTaxman_Customer;
			};
			name = Release;
		};
/* End XCBuildConfiguration section */

/* Begin XCConfigurationList section */
		1888973424C7281C000DFAB3 /* Build configuration list for PBXProject "MyTaxman_Customer" */ = {
			isa = XCConfigurationList;
			buildConfigurations = (
				1888976124C72820000DFAB3 /* Debug */,
				1888976224C72820000DFAB3 /* Release */,
			);
			defaultConfigurationIsVisible = 0;
			defaultConfigurationName = Release;
		};
		1888976324C72820000DFAB3 /* Build configuration list for PBXNativeTarget "MyTaxman_Customer" */ = {
			isa = XCConfigurationList;
			buildConfigurations = (
				1888976424C72820000DFAB3 /* Debug */,
				1888976524C72820000DFAB3 /* Release */,
			);
			defaultConfigurationIsVisible = 0;
			defaultConfigurationName = Release;
		};
		1888976624C72820000DFAB3 /* Build configuration list for PBXNativeTarget "MyTaxman_CustomerTests" */ = {
			isa = XCConfigurationList;
			buildConfigurations = (
				1888976724C72820000DFAB3 /* Debug */,
				1888976824C72820000DFAB3 /* Release */,
			);
			defaultConfigurationIsVisible = 0;
			defaultConfigurationName = Release;
		};
		1888976924C72820000DFAB3 /* Build configuration list for PBXNativeTarget "MyTaxman_CustomerUITests" */ = {
			isa = XCConfigurationList;
			buildConfigurations = (
				1888976A24C72820000DFAB3 /* Debug */,
				1888976B24C72820000DFAB3 /* Release */,
			);
			defaultConfigurationIsVisible = 0;
			defaultConfigurationName = Release;
		};
/* End XCConfigurationList section */
	};
	rootObject = 1888973124C7281C000DFAB3 /* Project object */;
}
